// !$*UTF8*$!
{
	archiveVersion = 1;
	classes = {
	};
	objectVersion = 46;
	objects = {

/* Begin PBXBuildFile section */
		A0C5CE1A1AAF6E2B002A0A6C /* LoginViewController.swift in Sources */ = {isa = PBXBuildFile; fileRef = A0C5CE181AAF6E2B002A0A6C /* LoginViewController.swift */; };
		A0C5CE1B1AAF6E2B002A0A6C /* LoginViewController.xib in Resources */ = {isa = PBXBuildFile; fileRef = A0C5CE191AAF6E2B002A0A6C /* LoginViewController.xib */; };
		A0C5CE1F1AB1C4AC002A0A6C /* CoreDataHelper.m in Sources */ = {isa = PBXBuildFile; fileRef = A0C5CE1E1AB1C4AC002A0A6C /* CoreDataHelper.m */; };
		A0C5CE861AB70BDA002A0A6C /* Area.swift in Sources */ = {isa = PBXBuildFile; fileRef = A0C5CE851AB70BDA002A0A6C /* Area.swift */; };
		A0C5CE951AB8AE3D002A0A6C /* Schedule.m in Sources */ = {isa = PBXBuildFile; fileRef = A0C5CE941AB8AE3D002A0A6C /* Schedule.m */; };
		A0C5CE981AB8AE3E002A0A6C /* Tag.m in Sources */ = {isa = PBXBuildFile; fileRef = A0C5CE971AB8AE3E002A0A6C /* Tag.m */; };
		A0C5CE9F1AB9EC5F002A0A6C /* DataTypesHelper.m in Sources */ = {isa = PBXBuildFile; fileRef = A0C5CE9E1AB9EC5F002A0A6C /* DataTypesHelper.m */; };
		A0C5CEA21ABB2901002A0A6C /* Activity.m in Sources */ = {isa = PBXBuildFile; fileRef = A0C5CEA11ABB2901002A0A6C /* Activity.m */; };
		A0C5CEA51ABB6579002A0A6C /* Synchronizer.m in Sources */ = {isa = PBXBuildFile; fileRef = A0C5CEA41ABB6579002A0A6C /* Synchronizer.m */; };
		A0C5CEA91AC31A02002A0A6C /* DetailViewController.m in Sources */ = {isa = PBXBuildFile; fileRef = A0C5CEA71AC31A02002A0A6C /* DetailViewController.m */; };
		A0C5CEAA1AC31A02002A0A6C /* DetailViewController.xib in Resources */ = {isa = PBXBuildFile; fileRef = A0C5CEA81AC31A02002A0A6C /* DetailViewController.xib */; };
		A0C5CEB01AC326B1002A0A6C /* ActivitiesListViewController.m in Sources */ = {isa = PBXBuildFile; fileRef = A0C5CEAE1AC326B1002A0A6C /* ActivitiesListViewController.m */; };
		A0C5CEB11AC326B2002A0A6C /* ActivitiesListViewController.xib in Resources */ = {isa = PBXBuildFile; fileRef = A0C5CEAF1AC326B1002A0A6C /* ActivitiesListViewController.xib */; };
		A0C5CEB61AC45639002A0A6C /* SplashViewController.m in Sources */ = {isa = PBXBuildFile; fileRef = A0C5CEB41AC45639002A0A6C /* SplashViewController.m */; };
		A0C5CEB71AC45639002A0A6C /* SplashViewController.xib in Resources */ = {isa = PBXBuildFile; fileRef = A0C5CEB51AC45639002A0A6C /* SplashViewController.xib */; };
		A0C5CEB91AC48A9A002A0A6C /* Default-568h@2x.png in Resources */ = {isa = PBXBuildFile; fileRef = A0C5CEB81AC48A9A002A0A6C /* Default-568h@2x.png */; };
		A0C5CEC71AC48E67002A0A6C /* bg_amanecer1-landscape.png in Resources */ = {isa = PBXBuildFile; fileRef = A0C5CEBA1AC48E67002A0A6C /* bg_amanecer1-landscape.png */; };
		A0C5CEC81AC48E67002A0A6C /* bg_amanecer1.png in Resources */ = {isa = PBXBuildFile; fileRef = A0C5CEBB1AC48E67002A0A6C /* bg_amanecer1.png */; };
		A0C5CEC91AC48E67002A0A6C /* bg_amanecer2.png in Resources */ = {isa = PBXBuildFile; fileRef = A0C5CEBC1AC48E67002A0A6C /* bg_amanecer2.png */; };
		A0C5CECA1AC48E67002A0A6C /* bg_amanecer3.png in Resources */ = {isa = PBXBuildFile; fileRef = A0C5CEBD1AC48E67002A0A6C /* bg_amanecer3.png */; };
		A0C5CECB1AC48E67002A0A6C /* bg_anochecer1.png in Resources */ = {isa = PBXBuildFile; fileRef = A0C5CEBE1AC48E67002A0A6C /* bg_anochecer1.png */; };
		A0C5CECC1AC48E67002A0A6C /* bg_atardecer1.png in Resources */ = {isa = PBXBuildFile; fileRef = A0C5CEBF1AC48E67002A0A6C /* bg_atardecer1.png */; };
		A0C5CECD1AC48E67002A0A6C /* bg_noche1-landscape.png in Resources */ = {isa = PBXBuildFile; fileRef = A0C5CEC01AC48E67002A0A6C /* bg_noche1-landscape.png */; };
		A0C5CECE1AC48E67002A0A6C /* bg_noche1.png in Resources */ = {isa = PBXBuildFile; fileRef = A0C5CEC11AC48E67002A0A6C /* bg_noche1.png */; };
		A0C5CECF1AC48E67002A0A6C /* bg_noche2-lansdscape.png in Resources */ = {isa = PBXBuildFile; fileRef = A0C5CEC21AC48E67002A0A6C /* bg_noche2-lansdscape.png */; };
		A0C5CED01AC48E67002A0A6C /* bg_noche2.png in Resources */ = {isa = PBXBuildFile; fileRef = A0C5CEC31AC48E67002A0A6C /* bg_noche2.png */; };
		A0C5CED11AC48E67002A0A6C /* bg_nublado1.png in Resources */ = {isa = PBXBuildFile; fileRef = A0C5CEC41AC48E67002A0A6C /* bg_nublado1.png */; };
		A0C5CED21AC48E67002A0A6C /* bg_soleado1.png in Resources */ = {isa = PBXBuildFile; fileRef = A0C5CEC51AC48E67002A0A6C /* bg_soleado1.png */; };
		A0C5CED31AC48E67002A0A6C /* cat_lnb1.png in Resources */ = {isa = PBXBuildFile; fileRef = A0C5CEC61AC48E67002A0A6C /* cat_lnb1.png */; };
		A0C5CEDC1AC58F4E002A0A6C /* ActivityCategory.m in Sources */ = {isa = PBXBuildFile; fileRef = A0C5CEDB1AC58F4E002A0A6C /* ActivityCategory.m */; };
		A0C5CEE11AC59DEE002A0A6C /* CategoriesSelectionViewController.m in Sources */ = {isa = PBXBuildFile; fileRef = A0C5CEDF1AC59DEE002A0A6C /* CategoriesSelectionViewController.m */; };
		A0C5CEE21AC59DEE002A0A6C /* CategoriesSelectionViewController.xib in Resources */ = {isa = PBXBuildFile; fileRef = A0C5CEE01AC59DEE002A0A6C /* CategoriesSelectionViewController.xib */; };
		A0C5CEE51AC5D5F5002A0A6C /* art_checkbox_check_32.png in Resources */ = {isa = PBXBuildFile; fileRef = A0C5CEE31AC5D5F5002A0A6C /* art_checkbox_check_32.png */; };
		A0C5CEE61AC5D5F5002A0A6C /* art_checkbox_empty_32.png in Resources */ = {isa = PBXBuildFile; fileRef = A0C5CEE41AC5D5F5002A0A6C /* art_checkbox_empty_32.png */; };
		A0C5CEE91AC5E5FB002A0A6C /* Reachability.m in Sources */ = {isa = PBXBuildFile; fileRef = A0C5CEE81AC5E5FB002A0A6C /* Reachability.m */; };
		A0C5CEF21AC5F2B4002A0A6C /* CategoryCollectionViewCell.m in Sources */ = {isa = PBXBuildFile; fileRef = A0C5CEF01AC5F2B4002A0A6C /* CategoryCollectionViewCell.m */; };
		A0C5CEF31AC5F2B4002A0A6C /* CategoryCollectionViewCell.xib in Resources */ = {isa = PBXBuildFile; fileRef = A0C5CEF11AC5F2B4002A0A6C /* CategoryCollectionViewCell.xib */; };
		A0C5CEF61AC9772D002A0A6C /* art_checkbox_check_16.png in Resources */ = {isa = PBXBuildFile; fileRef = A0C5CEF41AC9772D002A0A6C /* art_checkbox_check_16.png */; };
		A0C5CEF71AC9772D002A0A6C /* art_checkbox_empty_16.png in Resources */ = {isa = PBXBuildFile; fileRef = A0C5CEF51AC9772D002A0A6C /* art_checkbox_empty_16.png */; };
		A0C5CEFF1AC99170002A0A6C /* AppSettings.m in Sources */ = {isa = PBXBuildFile; fileRef = A0C5CEFE1AC99170002A0A6C /* AppSettings.m */; };
		A0EF60D41AA4A6CA00D74C01 /* main.m in Sources */ = {isa = PBXBuildFile; fileRef = A0EF60D31AA4A6CA00D74C01 /* main.m */; };
		A0EF60D71AA4A6CA00D74C01 /* AppDelegate.m in Sources */ = {isa = PBXBuildFile; fileRef = A0EF60D61AA4A6CA00D74C01 /* AppDelegate.m */; };
		A0EF60DA1AA4A6CA00D74C01 /* Que_Hacer_MDQ_v2.xcdatamodeld in Sources */ = {isa = PBXBuildFile; fileRef = A0EF60D81AA4A6CA00D74C01 /* Que_Hacer_MDQ_v2.xcdatamodeld */; };
		A0EF60DD1AA4A6CA00D74C01 /* ViewController.m in Sources */ = {isa = PBXBuildFile; fileRef = A0EF60DC1AA4A6CA00D74C01 /* ViewController.m */; };
		A0EF60E01AA4A6CA00D74C01 /* Main.storyboard in Resources */ = {isa = PBXBuildFile; fileRef = A0EF60DE1AA4A6CA00D74C01 /* Main.storyboard */; };
		A0EF60E21AA4A6CA00D74C01 /* Images.xcassets in Resources */ = {isa = PBXBuildFile; fileRef = A0EF60E11AA4A6CA00D74C01 /* Images.xcassets */; };
		A0EF60E51AA4A6CA00D74C01 /* LaunchScreen.xib in Resources */ = {isa = PBXBuildFile; fileRef = A0EF60E31AA4A6CA00D74C01 /* LaunchScreen.xib */; };
		A0EF60F11AA4A6CA00D74C01 /* Que_Hacer_MDQ_v2Tests.m in Sources */ = {isa = PBXBuildFile; fileRef = A0EF60F01AA4A6CA00D74C01 /* Que_Hacer_MDQ_v2Tests.m */; };
		A0EF61141AA4B6B600D74C01 /* ActivityTableViewCell.swift in Sources */ = {isa = PBXBuildFile; fileRef = A0EF60FD1AA4B6B600D74C01 /* ActivityTableViewCell.swift */; };
		A0EF61151AA4B6B600D74C01 /* ActivityTableViewCell.xib in Resources */ = {isa = PBXBuildFile; fileRef = A0EF60FE1AA4B6B600D74C01 /* ActivityTableViewCell.xib */; };
		A0EF61161AA4B6B600D74C01 /* ActivitiesViewControllerSwift.swift in Sources */ = {isa = PBXBuildFile; fileRef = A0EF60FF1AA4B6B600D74C01 /* ActivitiesViewControllerSwift.swift */; };
		A0EF61171AA4B6B600D74C01 /* ActivitiesViewControllerSwift.xib in Resources */ = {isa = PBXBuildFile; fileRef = A0EF61001AA4B6B600D74C01 /* ActivitiesViewControllerSwift.xib */; };
		A0EF611A1AA4B6B600D74C01 /* CategoriesViewControllerSwift.swift in Sources */ = {isa = PBXBuildFile; fileRef = A0EF61061AA4B6B600D74C01 /* CategoriesViewControllerSwift.swift */; };
		A0EF611B1AA4B6B600D74C01 /* CategoriesViewControllerSwift.xib in Resources */ = {isa = PBXBuildFile; fileRef = A0EF61071AA4B6B600D74C01 /* CategoriesViewControllerSwift.xib */; };
		A0EF611C1AA4B6B600D74C01 /* EventosViewController.m in Sources */ = {isa = PBXBuildFile; fileRef = A0EF610A1AA4B6B600D74C01 /* EventosViewController.m */; };
		A0EF611D1AA4B6B600D74C01 /* EventosViewController.xib in Resources */ = {isa = PBXBuildFile; fileRef = A0EF610B1AA4B6B600D74C01 /* EventosViewController.xib */; };
		A0EF611E1AA4B6B600D74C01 /* HomeViewController.m in Sources */ = {isa = PBXBuildFile; fileRef = A0EF610E1AA4B6B600D74C01 /* HomeViewController.m */; };
		A0EF611F1AA4B6B600D74C01 /* HomeViewController.xib in Resources */ = {isa = PBXBuildFile; fileRef = A0EF610F1AA4B6B600D74C01 /* HomeViewController.xib */; };
		A0EF61371AA4B70C00D74C01 /* NSDate+ParseFromString.swift in Sources */ = {isa = PBXBuildFile; fileRef = A0EF61241AA4B70B00D74C01 /* NSDate+ParseFromString.swift */; };
		A0EF61381AA4B70C00D74C01 /* NSManagedObject+addObject.swift in Sources */ = {isa = PBXBuildFile; fileRef = A0EF61251AA4B70B00D74C01 /* NSManagedObject+addObject.swift */; };
		A0EF61391AA4B70C00D74C01 /* UILabel+AutoHeight.m in Sources */ = {isa = PBXBuildFile; fileRef = A0EF61271AA4B70B00D74C01 /* UILabel+AutoHeight.m */; };
		A0EF613A1AA4B70C00D74C01 /* Constants.m in Sources */ = {isa = PBXBuildFile; fileRef = A0EF61291AA4B70B00D74C01 /* Constants.m */; };
		A0EF613B1AA4B70C00D74C01 /* BeachesTableViewCell.m in Sources */ = {isa = PBXBuildFile; fileRef = A0EF612C1AA4B70B00D74C01 /* BeachesTableViewCell.m */; };
		A0EF613C1AA4B70C00D74C01 /* BeachesTableViewCell.xib in Resources */ = {isa = PBXBuildFile; fileRef = A0EF612D1AA4B70B00D74C01 /* BeachesTableViewCell.xib */; };
		A0EF613D1AA4B70C00D74C01 /* GenericTableViewCell.m in Sources */ = {isa = PBXBuildFile; fileRef = A0EF612F1AA4B70B00D74C01 /* GenericTableViewCell.m */; };
		A0EF613E1AA4B70C00D74C01 /* GenericTableViewCell.xib in Resources */ = {isa = PBXBuildFile; fileRef = A0EF61301AA4B70B00D74C01 /* GenericTableViewCell.xib */; };
		A0EF614A1AA4B76700D74C01 /* WSConcurso.m in Sources */ = {isa = PBXBuildFile; fileRef = A0EF61451AA4B76700D74C01 /* WSConcurso.m */; };
		A0EF614B1AA4B76700D74C01 /* WSMGPCulturaEnVivoEventos.m in Sources */ = {isa = PBXBuildFile; fileRef = A0EF61471AA4B76700D74C01 /* WSMGPCulturaEnVivoEventos.m */; };
		A0EF614C1AA4B76700D74C01 /* WSMGPEventos.m in Sources */ = {isa = PBXBuildFile; fileRef = A0EF61491AA4B76700D74C01 /* WSMGPEventos.m */; };
		A0EF61641AA4FE8000D74C01 /* WSMDQActivities.m in Sources */ = {isa = PBXBuildFile; fileRef = A0EF61631AA4FE8000D74C01 /* WSMDQActivities.m */; };
		A0EF61661AA76AE800D74C01 /* Localizable.strings in Resources */ = {isa = PBXBuildFile; fileRef = A0EF61651AA76AE800D74C01 /* Localizable.strings */; };
		F310C4A83EA7E2612DE2B98F /* libPods-Que Hacer MDQ v2.a in Frameworks */ = {isa = PBXBuildFile; fileRef = 1AFAAE7248CABC14EFB98466 /* libPods-Que Hacer MDQ v2.a */; };
/* End PBXBuildFile section */

/* Begin PBXContainerItemProxy section */
		A0EF60EB1AA4A6CA00D74C01 /* PBXContainerItemProxy */ = {
			isa = PBXContainerItemProxy;
			containerPortal = A0EF60C61AA4A6CA00D74C01 /* Project object */;
			proxyType = 1;
			remoteGlobalIDString = A0EF60CD1AA4A6CA00D74C01;
			remoteInfo = "Que Hacer MDQ v2";
		};
/* End PBXContainerItemProxy section */

/* Begin PBXFileReference section */
		1AFAAE7248CABC14EFB98466 /* libPods-Que Hacer MDQ v2.a */ = {isa = PBXFileReference; explicitFileType = archive.ar; includeInIndex = 0; path = "libPods-Que Hacer MDQ v2.a"; sourceTree = BUILT_PRODUCTS_DIR; };
		29DCABC4F6AA7800E8EE2E68 /* Pods-Que Hacer MDQ v2.debug.xcconfig */ = {isa = PBXFileReference; includeInIndex = 1; lastKnownFileType = text.xcconfig; name = "Pods-Que Hacer MDQ v2.debug.xcconfig"; path = "Pods/Target Support Files/Pods-Que Hacer MDQ v2/Pods-Que Hacer MDQ v2.debug.xcconfig"; sourceTree = "<group>"; };
		91E527D31B69B45960D711D2 /* Pods-Que Hacer MDQ v2.release.xcconfig */ = {isa = PBXFileReference; includeInIndex = 1; lastKnownFileType = text.xcconfig; name = "Pods-Que Hacer MDQ v2.release.xcconfig"; path = "Pods/Target Support Files/Pods-Que Hacer MDQ v2/Pods-Que Hacer MDQ v2.release.xcconfig"; sourceTree = "<group>"; };
		A0C5CE181AAF6E2B002A0A6C /* LoginViewController.swift */ = {isa = PBXFileReference; fileEncoding = 4; lastKnownFileType = sourcecode.swift; name = LoginViewController.swift; path = LoginViewController/LoginViewController.swift; sourceTree = "<group>"; };
		A0C5CE191AAF6E2B002A0A6C /* LoginViewController.xib */ = {isa = PBXFileReference; fileEncoding = 4; lastKnownFileType = file.xib; name = LoginViewController.xib; path = LoginViewController/LoginViewController.xib; sourceTree = "<group>"; };
		A0C5CE1D1AB1C4AC002A0A6C /* CoreDataHelper.h */ = {isa = PBXFileReference; fileEncoding = 4; lastKnownFileType = sourcecode.c.h; name = CoreDataHelper.h; path = CoreDataHelper/CoreDataHelper.h; sourceTree = "<group>"; };
		A0C5CE1E1AB1C4AC002A0A6C /* CoreDataHelper.m */ = {isa = PBXFileReference; fileEncoding = 4; lastKnownFileType = sourcecode.c.objc; name = CoreDataHelper.m; path = CoreDataHelper/CoreDataHelper.m; sourceTree = "<group>"; };
		A0C5CE851AB70BDA002A0A6C /* Area.swift */ = {isa = PBXFileReference; fileEncoding = 4; lastKnownFileType = sourcecode.swift; path = Area.swift; sourceTree = "<group>"; };
		A0C5CE931AB8AE3D002A0A6C /* Schedule.h */ = {isa = PBXFileReference; fileEncoding = 4; lastKnownFileType = sourcecode.c.h; path = Schedule.h; sourceTree = "<group>"; };
		A0C5CE941AB8AE3D002A0A6C /* Schedule.m */ = {isa = PBXFileReference; fileEncoding = 4; lastKnownFileType = sourcecode.c.objc; path = Schedule.m; sourceTree = "<group>"; };
		A0C5CE961AB8AE3E002A0A6C /* Tag.h */ = {isa = PBXFileReference; fileEncoding = 4; lastKnownFileType = sourcecode.c.h; path = Tag.h; sourceTree = "<group>"; };
		A0C5CE971AB8AE3E002A0A6C /* Tag.m */ = {isa = PBXFileReference; fileEncoding = 4; lastKnownFileType = sourcecode.c.objc; path = Tag.m; sourceTree = "<group>"; };
		A0C5CE9D1AB9EC5F002A0A6C /* DataTypesHelper.h */ = {isa = PBXFileReference; fileEncoding = 4; lastKnownFileType = sourcecode.c.h; name = DataTypesHelper.h; path = Helpers/DataTypesHelper.h; sourceTree = "<group>"; };
		A0C5CE9E1AB9EC5F002A0A6C /* DataTypesHelper.m */ = {isa = PBXFileReference; fileEncoding = 4; lastKnownFileType = sourcecode.c.objc; name = DataTypesHelper.m; path = Helpers/DataTypesHelper.m; sourceTree = "<group>"; };
		A0C5CEA01ABB2901002A0A6C /* Activity.h */ = {isa = PBXFileReference; fileEncoding = 4; lastKnownFileType = sourcecode.c.h; path = Activity.h; sourceTree = "<group>"; };
		A0C5CEA11ABB2901002A0A6C /* Activity.m */ = {isa = PBXFileReference; fileEncoding = 4; lastKnownFileType = sourcecode.c.objc; path = Activity.m; sourceTree = "<group>"; };
		A0C5CEA31ABB6579002A0A6C /* Synchronizer.h */ = {isa = PBXFileReference; fileEncoding = 4; lastKnownFileType = sourcecode.c.h; path = Synchronizer.h; sourceTree = "<group>"; };
		A0C5CEA41ABB6579002A0A6C /* Synchronizer.m */ = {isa = PBXFileReference; fileEncoding = 4; lastKnownFileType = sourcecode.c.objc; path = Synchronizer.m; sourceTree = "<group>"; };
		A0C5CEA61AC31A02002A0A6C /* DetailViewController.h */ = {isa = PBXFileReference; fileEncoding = 4; lastKnownFileType = sourcecode.c.h; name = DetailViewController.h; path = DetailViewController/DetailViewController.h; sourceTree = "<group>"; };
		A0C5CEA71AC31A02002A0A6C /* DetailViewController.m */ = {isa = PBXFileReference; fileEncoding = 4; lastKnownFileType = sourcecode.c.objc; name = DetailViewController.m; path = DetailViewController/DetailViewController.m; sourceTree = "<group>"; };
		A0C5CEA81AC31A02002A0A6C /* DetailViewController.xib */ = {isa = PBXFileReference; fileEncoding = 4; lastKnownFileType = file.xib; name = DetailViewController.xib; path = DetailViewController/DetailViewController.xib; sourceTree = "<group>"; };
		A0C5CEAD1AC326B1002A0A6C /* ActivitiesListViewController.h */ = {isa = PBXFileReference; fileEncoding = 4; lastKnownFileType = sourcecode.c.h; name = ActivitiesListViewController.h; path = ActivitiesListViewController/ActivitiesListViewController.h; sourceTree = "<group>"; };
		A0C5CEAE1AC326B1002A0A6C /* ActivitiesListViewController.m */ = {isa = PBXFileReference; fileEncoding = 4; lastKnownFileType = sourcecode.c.objc; name = ActivitiesListViewController.m; path = ActivitiesListViewController/ActivitiesListViewController.m; sourceTree = "<group>"; };
		A0C5CEAF1AC326B1002A0A6C /* ActivitiesListViewController.xib */ = {isa = PBXFileReference; fileEncoding = 4; lastKnownFileType = file.xib; name = ActivitiesListViewController.xib; path = ActivitiesListViewController/ActivitiesListViewController.xib; sourceTree = "<group>"; };
		A0C5CEB31AC45639002A0A6C /* SplashViewController.h */ = {isa = PBXFileReference; fileEncoding = 4; lastKnownFileType = sourcecode.c.h; name = SplashViewController.h; path = SplashViewController/SplashViewController.h; sourceTree = "<group>"; };
		A0C5CEB41AC45639002A0A6C /* SplashViewController.m */ = {isa = PBXFileReference; fileEncoding = 4; lastKnownFileType = sourcecode.c.objc; name = SplashViewController.m; path = SplashViewController/SplashViewController.m; sourceTree = "<group>"; };
		A0C5CEB51AC45639002A0A6C /* SplashViewController.xib */ = {isa = PBXFileReference; fileEncoding = 4; lastKnownFileType = file.xib; name = SplashViewController.xib; path = SplashViewController/SplashViewController.xib; sourceTree = "<group>"; };
		A0C5CEB81AC48A9A002A0A6C /* Default-568h@2x.png */ = {isa = PBXFileReference; lastKnownFileType = image.png; path = "Default-568h@2x.png"; sourceTree = "<group>"; };
		A0C5CEBA1AC48E67002A0A6C /* bg_amanecer1-landscape.png */ = {isa = PBXFileReference; lastKnownFileType = image.png; path = "bg_amanecer1-landscape.png"; sourceTree = "<group>"; };
		A0C5CEBB1AC48E67002A0A6C /* bg_amanecer1.png */ = {isa = PBXFileReference; lastKnownFileType = image.png; path = bg_amanecer1.png; sourceTree = "<group>"; };
		A0C5CEBC1AC48E67002A0A6C /* bg_amanecer2.png */ = {isa = PBXFileReference; lastKnownFileType = image.png; path = bg_amanecer2.png; sourceTree = "<group>"; };
		A0C5CEBD1AC48E67002A0A6C /* bg_amanecer3.png */ = {isa = PBXFileReference; lastKnownFileType = image.png; path = bg_amanecer3.png; sourceTree = "<group>"; };
		A0C5CEBE1AC48E67002A0A6C /* bg_anochecer1.png */ = {isa = PBXFileReference; lastKnownFileType = image.png; path = bg_anochecer1.png; sourceTree = "<group>"; };
		A0C5CEBF1AC48E67002A0A6C /* bg_atardecer1.png */ = {isa = PBXFileReference; lastKnownFileType = image.png; path = bg_atardecer1.png; sourceTree = "<group>"; };
		A0C5CEC01AC48E67002A0A6C /* bg_noche1-landscape.png */ = {isa = PBXFileReference; lastKnownFileType = image.png; path = "bg_noche1-landscape.png"; sourceTree = "<group>"; };
		A0C5CEC11AC48E67002A0A6C /* bg_noche1.png */ = {isa = PBXFileReference; lastKnownFileType = image.png; path = bg_noche1.png; sourceTree = "<group>"; };
		A0C5CEC21AC48E67002A0A6C /* bg_noche2-lansdscape.png */ = {isa = PBXFileReference; lastKnownFileType = image.png; path = "bg_noche2-lansdscape.png"; sourceTree = "<group>"; };
		A0C5CEC31AC48E67002A0A6C /* bg_noche2.png */ = {isa = PBXFileReference; lastKnownFileType = image.png; path = bg_noche2.png; sourceTree = "<group>"; };
		A0C5CEC41AC48E67002A0A6C /* bg_nublado1.png */ = {isa = PBXFileReference; lastKnownFileType = image.png; path = bg_nublado1.png; sourceTree = "<group>"; };
		A0C5CEC51AC48E67002A0A6C /* bg_soleado1.png */ = {isa = PBXFileReference; lastKnownFileType = image.png; path = bg_soleado1.png; sourceTree = "<group>"; };
		A0C5CEC61AC48E67002A0A6C /* cat_lnb1.png */ = {isa = PBXFileReference; lastKnownFileType = image.png; path = cat_lnb1.png; sourceTree = "<group>"; };
		A0C5CEDA1AC58F4E002A0A6C /* ActivityCategory.h */ = {isa = PBXFileReference; fileEncoding = 4; lastKnownFileType = sourcecode.c.h; path = ActivityCategory.h; sourceTree = "<group>"; };
		A0C5CEDB1AC58F4E002A0A6C /* ActivityCategory.m */ = {isa = PBXFileReference; fileEncoding = 4; lastKnownFileType = sourcecode.c.objc; path = ActivityCategory.m; sourceTree = "<group>"; };
		A0C5CEDE1AC59DEE002A0A6C /* CategoriesSelectionViewController.h */ = {isa = PBXFileReference; fileEncoding = 4; lastKnownFileType = sourcecode.c.h; name = CategoriesSelectionViewController.h; path = CategoriesSelectionViewControlled/CategoriesSelectionViewController.h; sourceTree = "<group>"; };
		A0C5CEDF1AC59DEE002A0A6C /* CategoriesSelectionViewController.m */ = {isa = PBXFileReference; fileEncoding = 4; lastKnownFileType = sourcecode.c.objc; name = CategoriesSelectionViewController.m; path = CategoriesSelectionViewControlled/CategoriesSelectionViewController.m; sourceTree = "<group>"; };
		A0C5CEE01AC59DEE002A0A6C /* CategoriesSelectionViewController.xib */ = {isa = PBXFileReference; fileEncoding = 4; lastKnownFileType = file.xib; name = CategoriesSelectionViewController.xib; path = CategoriesSelectionViewControlled/CategoriesSelectionViewController.xib; sourceTree = "<group>"; };
		A0C5CEE31AC5D5F5002A0A6C /* art_checkbox_check_32.png */ = {isa = PBXFileReference; lastKnownFileType = image.png; path = art_checkbox_check_32.png; sourceTree = "<group>"; };
		A0C5CEE41AC5D5F5002A0A6C /* art_checkbox_empty_32.png */ = {isa = PBXFileReference; lastKnownFileType = image.png; path = art_checkbox_empty_32.png; sourceTree = "<group>"; };
		A0C5CEE71AC5E5FB002A0A6C /* Reachability.h */ = {isa = PBXFileReference; fileEncoding = 4; lastKnownFileType = sourcecode.c.h; name = Reachability.h; path = Helpers/Reachability.h; sourceTree = "<group>"; };
		A0C5CEE81AC5E5FB002A0A6C /* Reachability.m */ = {isa = PBXFileReference; fileEncoding = 4; lastKnownFileType = sourcecode.c.objc; name = Reachability.m; path = Helpers/Reachability.m; sourceTree = "<group>"; };
		A0C5CEEF1AC5F2B4002A0A6C /* CategoryCollectionViewCell.h */ = {isa = PBXFileReference; fileEncoding = 4; lastKnownFileType = sourcecode.c.h; name = CategoryCollectionViewCell.h; path = CategoriesSelectionViewControlled/CategoryCollectionViewCell.h; sourceTree = "<group>"; };
		A0C5CEF01AC5F2B4002A0A6C /* CategoryCollectionViewCell.m */ = {isa = PBXFileReference; fileEncoding = 4; lastKnownFileType = sourcecode.c.objc; name = CategoryCollectionViewCell.m; path = CategoriesSelectionViewControlled/CategoryCollectionViewCell.m; sourceTree = "<group>"; };
		A0C5CEF11AC5F2B4002A0A6C /* CategoryCollectionViewCell.xib */ = {isa = PBXFileReference; fileEncoding = 4; lastKnownFileType = file.xib; name = CategoryCollectionViewCell.xib; path = CategoriesSelectionViewControlled/CategoryCollectionViewCell.xib; sourceTree = "<group>"; };
		A0C5CEF41AC9772D002A0A6C /* art_checkbox_check_16.png */ = {isa = PBXFileReference; lastKnownFileType = image.png; path = art_checkbox_check_16.png; sourceTree = "<group>"; };
		A0C5CEF51AC9772D002A0A6C /* art_checkbox_empty_16.png */ = {isa = PBXFileReference; lastKnownFileType = image.png; path = art_checkbox_empty_16.png; sourceTree = "<group>"; };
		A0C5CEFD1AC99170002A0A6C /* AppSettings.h */ = {isa = PBXFileReference; fileEncoding = 4; lastKnownFileType = sourcecode.c.h; name = AppSettings.h; path = Helpers/AppSettings.h; sourceTree = "<group>"; };
		A0C5CEFE1AC99170002A0A6C /* AppSettings.m */ = {isa = PBXFileReference; fileEncoding = 4; lastKnownFileType = sourcecode.c.objc; name = AppSettings.m; path = Helpers/AppSettings.m; sourceTree = "<group>"; };
		A0EF60CE1AA4A6CA00D74C01 /* Que Hacer MDQ v2.app */ = {isa = PBXFileReference; explicitFileType = wrapper.application; includeInIndex = 0; path = "Que Hacer MDQ v2.app"; sourceTree = BUILT_PRODUCTS_DIR; };
		A0EF60D21AA4A6CA00D74C01 /* Info.plist */ = {isa = PBXFileReference; lastKnownFileType = text.plist.xml; path = Info.plist; sourceTree = "<group>"; };
		A0EF60D31AA4A6CA00D74C01 /* main.m */ = {isa = PBXFileReference; lastKnownFileType = sourcecode.c.objc; path = main.m; sourceTree = "<group>"; };
		A0EF60D51AA4A6CA00D74C01 /* AppDelegate.h */ = {isa = PBXFileReference; lastKnownFileType = sourcecode.c.h; path = AppDelegate.h; sourceTree = "<group>"; };
		A0EF60D61AA4A6CA00D74C01 /* AppDelegate.m */ = {isa = PBXFileReference; lastKnownFileType = sourcecode.c.objc; path = AppDelegate.m; sourceTree = "<group>"; };
		A0EF60D91AA4A6CA00D74C01 /* Que_Hacer_MDQ_v2.xcdatamodel */ = {isa = PBXFileReference; lastKnownFileType = wrapper.xcdatamodel; path = Que_Hacer_MDQ_v2.xcdatamodel; sourceTree = "<group>"; };
		A0EF60DB1AA4A6CA00D74C01 /* ViewController.h */ = {isa = PBXFileReference; lastKnownFileType = sourcecode.c.h; path = ViewController.h; sourceTree = "<group>"; };
		A0EF60DC1AA4A6CA00D74C01 /* ViewController.m */ = {isa = PBXFileReference; lastKnownFileType = sourcecode.c.objc; path = ViewController.m; sourceTree = "<group>"; };
		A0EF60DF1AA4A6CA00D74C01 /* Base */ = {isa = PBXFileReference; lastKnownFileType = file.storyboard; name = Base; path = Base.lproj/Main.storyboard; sourceTree = "<group>"; };
		A0EF60E11AA4A6CA00D74C01 /* Images.xcassets */ = {isa = PBXFileReference; lastKnownFileType = folder.assetcatalog; path = Images.xcassets; sourceTree = "<group>"; };
		A0EF60E41AA4A6CA00D74C01 /* Base */ = {isa = PBXFileReference; lastKnownFileType = file.xib; name = Base; path = Base.lproj/LaunchScreen.xib; sourceTree = "<group>"; };
		A0EF60EA1AA4A6CA00D74C01 /* Que Hacer MDQ v2Tests.xctest */ = {isa = PBXFileReference; explicitFileType = wrapper.cfbundle; includeInIndex = 0; path = "Que Hacer MDQ v2Tests.xctest"; sourceTree = BUILT_PRODUCTS_DIR; };
		A0EF60EF1AA4A6CA00D74C01 /* Info.plist */ = {isa = PBXFileReference; lastKnownFileType = text.plist.xml; path = Info.plist; sourceTree = "<group>"; };
		A0EF60F01AA4A6CA00D74C01 /* Que_Hacer_MDQ_v2Tests.m */ = {isa = PBXFileReference; lastKnownFileType = sourcecode.c.objc; path = Que_Hacer_MDQ_v2Tests.m; sourceTree = "<group>"; };
		A0EF60FD1AA4B6B600D74C01 /* ActivityTableViewCell.swift */ = {isa = PBXFileReference; fileEncoding = 4; lastKnownFileType = sourcecode.swift; path = ActivityTableViewCell.swift; sourceTree = "<group>"; };
		A0EF60FE1AA4B6B600D74C01 /* ActivityTableViewCell.xib */ = {isa = PBXFileReference; fileEncoding = 4; lastKnownFileType = file.xib; path = ActivityTableViewCell.xib; sourceTree = "<group>"; };
		A0EF60FF1AA4B6B600D74C01 /* ActivitiesViewControllerSwift.swift */ = {isa = PBXFileReference; fileEncoding = 4; lastKnownFileType = sourcecode.swift; path = ActivitiesViewControllerSwift.swift; sourceTree = "<group>"; };
		A0EF61001AA4B6B600D74C01 /* ActivitiesViewControllerSwift.xib */ = {isa = PBXFileReference; fileEncoding = 4; lastKnownFileType = file.xib; path = ActivitiesViewControllerSwift.xib; sourceTree = "<group>"; };
		A0EF61061AA4B6B600D74C01 /* CategoriesViewControllerSwift.swift */ = {isa = PBXFileReference; fileEncoding = 4; lastKnownFileType = sourcecode.swift; path = CategoriesViewControllerSwift.swift; sourceTree = "<group>"; };
		A0EF61071AA4B6B600D74C01 /* CategoriesViewControllerSwift.xib */ = {isa = PBXFileReference; fileEncoding = 4; lastKnownFileType = file.xib; path = CategoriesViewControllerSwift.xib; sourceTree = "<group>"; };
		A0EF61091AA4B6B600D74C01 /* EventosViewController.h */ = {isa = PBXFileReference; fileEncoding = 4; lastKnownFileType = sourcecode.c.h; path = EventosViewController.h; sourceTree = "<group>"; };
		A0EF610A1AA4B6B600D74C01 /* EventosViewController.m */ = {isa = PBXFileReference; fileEncoding = 4; lastKnownFileType = sourcecode.c.objc; path = EventosViewController.m; sourceTree = "<group>"; };
		A0EF610B1AA4B6B600D74C01 /* EventosViewController.xib */ = {isa = PBXFileReference; fileEncoding = 4; lastKnownFileType = file.xib; path = EventosViewController.xib; sourceTree = "<group>"; };
		A0EF610D1AA4B6B600D74C01 /* HomeViewController.h */ = {isa = PBXFileReference; fileEncoding = 4; lastKnownFileType = sourcecode.c.h; path = HomeViewController.h; sourceTree = "<group>"; };
		A0EF610E1AA4B6B600D74C01 /* HomeViewController.m */ = {isa = PBXFileReference; fileEncoding = 4; lastKnownFileType = sourcecode.c.objc; path = HomeViewController.m; sourceTree = "<group>"; };
		A0EF610F1AA4B6B600D74C01 /* HomeViewController.xib */ = {isa = PBXFileReference; fileEncoding = 4; lastKnownFileType = file.xib; path = HomeViewController.xib; sourceTree = "<group>"; };
		A0EF61241AA4B70B00D74C01 /* NSDate+ParseFromString.swift */ = {isa = PBXFileReference; fileEncoding = 4; lastKnownFileType = sourcecode.swift; path = "NSDate+ParseFromString.swift"; sourceTree = "<group>"; };
		A0EF61251AA4B70B00D74C01 /* NSManagedObject+addObject.swift */ = {isa = PBXFileReference; fileEncoding = 4; lastKnownFileType = sourcecode.swift; path = "NSManagedObject+addObject.swift"; sourceTree = "<group>"; };
		A0EF61261AA4B70B00D74C01 /* UILabel+AutoHeight.h */ = {isa = PBXFileReference; fileEncoding = 4; lastKnownFileType = sourcecode.c.h; path = "UILabel+AutoHeight.h"; sourceTree = "<group>"; };
		A0EF61271AA4B70B00D74C01 /* UILabel+AutoHeight.m */ = {isa = PBXFileReference; fileEncoding = 4; lastKnownFileType = sourcecode.c.objc; path = "UILabel+AutoHeight.m"; sourceTree = "<group>"; };
		A0EF61281AA4B70B00D74C01 /* Constants.h */ = {isa = PBXFileReference; fileEncoding = 4; lastKnownFileType = sourcecode.c.h; path = Constants.h; sourceTree = "<group>"; };
		A0EF61291AA4B70B00D74C01 /* Constants.m */ = {isa = PBXFileReference; fileEncoding = 4; lastKnownFileType = sourcecode.c.objc; path = Constants.m; sourceTree = "<group>"; };
		A0EF612B1AA4B70B00D74C01 /* BeachesTableViewCell.h */ = {isa = PBXFileReference; fileEncoding = 4; lastKnownFileType = sourcecode.c.h; path = BeachesTableViewCell.h; sourceTree = "<group>"; };
		A0EF612C1AA4B70B00D74C01 /* BeachesTableViewCell.m */ = {isa = PBXFileReference; fileEncoding = 4; lastKnownFileType = sourcecode.c.objc; path = BeachesTableViewCell.m; sourceTree = "<group>"; };
		A0EF612D1AA4B70B00D74C01 /* BeachesTableViewCell.xib */ = {isa = PBXFileReference; fileEncoding = 4; lastKnownFileType = file.xib; path = BeachesTableViewCell.xib; sourceTree = "<group>"; };
		A0EF612E1AA4B70B00D74C01 /* GenericTableViewCell.h */ = {isa = PBXFileReference; fileEncoding = 4; lastKnownFileType = sourcecode.c.h; path = GenericTableViewCell.h; sourceTree = "<group>"; };
		A0EF612F1AA4B70B00D74C01 /* GenericTableViewCell.m */ = {isa = PBXFileReference; fileEncoding = 4; lastKnownFileType = sourcecode.c.objc; path = GenericTableViewCell.m; sourceTree = "<group>"; };
		A0EF61301AA4B70B00D74C01 /* GenericTableViewCell.xib */ = {isa = PBXFileReference; fileEncoding = 4; lastKnownFileType = file.xib; path = GenericTableViewCell.xib; sourceTree = "<group>"; };
		A0EF61441AA4B76700D74C01 /* WSConcurso.h */ = {isa = PBXFileReference; fileEncoding = 4; lastKnownFileType = sourcecode.c.h; path = WSConcurso.h; sourceTree = "<group>"; };
		A0EF61451AA4B76700D74C01 /* WSConcurso.m */ = {isa = PBXFileReference; fileEncoding = 4; lastKnownFileType = sourcecode.c.objc; path = WSConcurso.m; sourceTree = "<group>"; };
		A0EF61461AA4B76700D74C01 /* WSMGPCulturaEnVivoEventos.h */ = {isa = PBXFileReference; fileEncoding = 4; lastKnownFileType = sourcecode.c.h; path = WSMGPCulturaEnVivoEventos.h; sourceTree = "<group>"; };
		A0EF61471AA4B76700D74C01 /* WSMGPCulturaEnVivoEventos.m */ = {isa = PBXFileReference; fileEncoding = 4; lastKnownFileType = sourcecode.c.objc; path = WSMGPCulturaEnVivoEventos.m; sourceTree = "<group>"; };
		A0EF61481AA4B76700D74C01 /* WSMGPEventos.h */ = {isa = PBXFileReference; fileEncoding = 4; lastKnownFileType = sourcecode.c.h; path = WSMGPEventos.h; sourceTree = "<group>"; };
		A0EF61491AA4B76700D74C01 /* WSMGPEventos.m */ = {isa = PBXFileReference; fileEncoding = 4; lastKnownFileType = sourcecode.c.objc; path = WSMGPEventos.m; sourceTree = "<group>"; };
		A0EF61611AA4D51F00D74C01 /* Que Hacer MDQ v2-Bridging-Header.h */ = {isa = PBXFileReference; lastKnownFileType = sourcecode.c.h; name = "Que Hacer MDQ v2-Bridging-Header.h"; path = "Que Hacer MDQ v2/Que Hacer MDQ v2-Bridging-Header.h"; sourceTree = "<group>"; };
		A0EF61621AA4FE6700D74C01 /* WSMDQActivities.h */ = {isa = PBXFileReference; lastKnownFileType = sourcecode.c.h; path = WSMDQActivities.h; sourceTree = "<group>"; };
		A0EF61631AA4FE8000D74C01 /* WSMDQActivities.m */ = {isa = PBXFileReference; fileEncoding = 4; lastKnownFileType = sourcecode.c.objc; path = WSMDQActivities.m; sourceTree = "<group>"; };
		A0EF61651AA76AE800D74C01 /* Localizable.strings */ = {isa = PBXFileReference; fileEncoding = 4; lastKnownFileType = text.plist.strings; name = Localizable.strings; path = ../Services/Localizable.strings; sourceTree = "<group>"; };
/* End PBXFileReference section */

/* Begin PBXFrameworksBuildPhase section */
		A0EF60CB1AA4A6CA00D74C01 /* Frameworks */ = {
			isa = PBXFrameworksBuildPhase;
			buildActionMask = 2147483647;
			files = (
				F310C4A83EA7E2612DE2B98F /* libPods-Que Hacer MDQ v2.a in Frameworks */,
			);
			runOnlyForDeploymentPostprocessing = 0;
		};
		A0EF60E71AA4A6CA00D74C01 /* Frameworks */ = {
			isa = PBXFrameworksBuildPhase;
			buildActionMask = 2147483647;
			files = (
			);
			runOnlyForDeploymentPostprocessing = 0;
		};
/* End PBXFrameworksBuildPhase section */

/* Begin PBXGroup section */
		173E496853D206A0072C976F /* Frameworks */ = {
			isa = PBXGroup;
			children = (
				1AFAAE7248CABC14EFB98466 /* libPods-Que Hacer MDQ v2.a */,
			);
			name = Frameworks;
			sourceTree = "<group>";
		};
		A0C5CE1C1AB1C29A002A0A6C /* CoreDataHelper */ = {
			isa = PBXGroup;
			children = (
				A0C5CE1D1AB1C4AC002A0A6C /* CoreDataHelper.h */,
				A0C5CE1E1AB1C4AC002A0A6C /* CoreDataHelper.m */,
			);
			name = CoreDataHelper;
			path = DataManager;
			sourceTree = "<group>";
		};
		A0C5CE9C1AB9EC12002A0A6C /* Helpers */ = {
			isa = PBXGroup;
			children = (
				A0C5CE1C1AB1C29A002A0A6C /* CoreDataHelper */,
				A0C5CEE71AC5E5FB002A0A6C /* Reachability.h */,
				A0C5CEE81AC5E5FB002A0A6C /* Reachability.m */,
				A0C5CE9D1AB9EC5F002A0A6C /* DataTypesHelper.h */,
				A0C5CE9E1AB9EC5F002A0A6C /* DataTypesHelper.m */,
				A0C5CEA31ABB6579002A0A6C /* Synchronizer.h */,
				A0C5CEA41ABB6579002A0A6C /* Synchronizer.m */,
				A0C5CEFD1AC99170002A0A6C /* AppSettings.h */,
				A0C5CEFE1AC99170002A0A6C /* AppSettings.m */,
			);
			name = Helpers;
			path = "Que Hacer MDQ v2/Classes";
			sourceTree = "<group>";
		};
		A0C5CEAB1AC31EFF002A0A6C /* DetailViewController */ = {
			isa = PBXGroup;
			children = (
				A0C5CEA61AC31A02002A0A6C /* DetailViewController.h */,
				A0C5CEA71AC31A02002A0A6C /* DetailViewController.m */,
				A0C5CEA81AC31A02002A0A6C /* DetailViewController.xib */,
			);
			name = DetailViewController;
			sourceTree = "<group>";
		};
		A0C5CEAC1AC3267D002A0A6C /* ActivitiesListViewController */ = {
			isa = PBXGroup;
			children = (
				A0C5CEAD1AC326B1002A0A6C /* ActivitiesListViewController.h */,
				A0C5CEAE1AC326B1002A0A6C /* ActivitiesListViewController.m */,
				A0C5CEAF1AC326B1002A0A6C /* ActivitiesListViewController.xib */,
			);
			name = ActivitiesListViewController;
			sourceTree = "<group>";
		};
		A0C5CEB21AC455ED002A0A6C /* SplashViewController */ = {
			isa = PBXGroup;
			children = (
				A0C5CEB31AC45639002A0A6C /* SplashViewController.h */,
				A0C5CEB41AC45639002A0A6C /* SplashViewController.m */,
				A0C5CEB51AC45639002A0A6C /* SplashViewController.xib */,
			);
			name = SplashViewController;
			sourceTree = "<group>";
		};
		A0C5CEDD1AC59D3C002A0A6C /* CategoriesSelectionViewController */ = {
			isa = PBXGroup;
			children = (
				A0C5CEDE1AC59DEE002A0A6C /* CategoriesSelectionViewController.h */,
				A0C5CEDF1AC59DEE002A0A6C /* CategoriesSelectionViewController.m */,
				A0C5CEE01AC59DEE002A0A6C /* CategoriesSelectionViewController.xib */,
				A0C5CEEF1AC5F2B4002A0A6C /* CategoryCollectionViewCell.h */,
				A0C5CEF01AC5F2B4002A0A6C /* CategoryCollectionViewCell.m */,
				A0C5CEF11AC5F2B4002A0A6C /* CategoryCollectionViewCell.xib */,
			);
			name = CategoriesSelectionViewController;
			sourceTree = "<group>";
		};
		A0EF60C51AA4A6CA00D74C01 = {
			isa = PBXGroup;
			children = (
				A0C5CEB81AC48A9A002A0A6C /* Default-568h@2x.png */,
				A0EF61611AA4D51F00D74C01 /* Que Hacer MDQ v2-Bridging-Header.h */,
				A0C5CE9C1AB9EC12002A0A6C /* Helpers */,
				A0EF614D1AA4CF4600D74C01 /* Classes */,
				A0EF61431AA4B76700D74C01 /* Services */,
				A0EF61221AA4B70B00D74C01 /* Assets */,
				A0EF60FA1AA4B6B600D74C01 /* ViewControllers */,
				A0EF60D01AA4A6CA00D74C01 /* Que Hacer MDQ v2 */,
				A0EF60ED1AA4A6CA00D74C01 /* Que Hacer MDQ v2Tests */,
				A0EF60CF1AA4A6CA00D74C01 /* Products */,
				A2F0558D0745B776DE5149AC /* Pods */,
				173E496853D206A0072C976F /* Frameworks */,
			);
			sourceTree = "<group>";
		};
		A0EF60CF1AA4A6CA00D74C01 /* Products */ = {
			isa = PBXGroup;
			children = (
				A0EF60CE1AA4A6CA00D74C01 /* Que Hacer MDQ v2.app */,
				A0EF60EA1AA4A6CA00D74C01 /* Que Hacer MDQ v2Tests.xctest */,
			);
			name = Products;
			sourceTree = "<group>";
		};
		A0EF60D01AA4A6CA00D74C01 /* Que Hacer MDQ v2 */ = {
			isa = PBXGroup;
			children = (
				A0EF60D51AA4A6CA00D74C01 /* AppDelegate.h */,
				A0EF60D61AA4A6CA00D74C01 /* AppDelegate.m */,
				A0EF60DB1AA4A6CA00D74C01 /* ViewController.h */,
				A0EF60DC1AA4A6CA00D74C01 /* ViewController.m */,
				A0EF60DE1AA4A6CA00D74C01 /* Main.storyboard */,
				A0EF60E11AA4A6CA00D74C01 /* Images.xcassets */,
				A0EF60E31AA4A6CA00D74C01 /* LaunchScreen.xib */,
				A0EF60D81AA4A6CA00D74C01 /* Que_Hacer_MDQ_v2.xcdatamodeld */,
				A0EF60D11AA4A6CA00D74C01 /* Supporting Files */,
			);
			path = "Que Hacer MDQ v2";
			sourceTree = "<group>";
		};
		A0EF60D11AA4A6CA00D74C01 /* Supporting Files */ = {
			isa = PBXGroup;
			children = (
				A0EF60D21AA4A6CA00D74C01 /* Info.plist */,
				A0EF60D31AA4A6CA00D74C01 /* main.m */,
			);
			name = "Supporting Files";
			sourceTree = "<group>";
		};
		A0EF60ED1AA4A6CA00D74C01 /* Que Hacer MDQ v2Tests */ = {
			isa = PBXGroup;
			children = (
				A0EF60F01AA4A6CA00D74C01 /* Que_Hacer_MDQ_v2Tests.m */,
				A0EF60EE1AA4A6CA00D74C01 /* Supporting Files */,
			);
			path = "Que Hacer MDQ v2Tests";
			sourceTree = "<group>";
		};
		A0EF60EE1AA4A6CA00D74C01 /* Supporting Files */ = {
			isa = PBXGroup;
			children = (
				A0EF60EF1AA4A6CA00D74C01 /* Info.plist */,
			);
			name = "Supporting Files";
			sourceTree = "<group>";
		};
		A0EF60FA1AA4B6B600D74C01 /* ViewControllers */ = {
			isa = PBXGroup;
			children = (
				A0C5CEDD1AC59D3C002A0A6C /* CategoriesSelectionViewController */,
				A0C5CEB21AC455ED002A0A6C /* SplashViewController */,
				A0C5CEAC1AC3267D002A0A6C /* ActivitiesListViewController */,
				A0C5CEAB1AC31EFF002A0A6C /* DetailViewController */,
				A0EF60FB1AA4B6B600D74C01 /* ActivitiesViewControllerSwift */,
				A0EF61051AA4B6B600D74C01 /* CategoriesViewControllerSwift */,
				A0EF61081AA4B6B600D74C01 /* EventosViewController */,
				A0EF610C1AA4B6B600D74C01 /* HomeViewController */,
				A0C5CE181AAF6E2B002A0A6C /* LoginViewController.swift */,
				A0C5CE191AAF6E2B002A0A6C /* LoginViewController.xib */,
			);
			name = ViewControllers;
			path = "Que Hacer MDQ v2/ViewControllers";
			sourceTree = "<group>";
		};
		A0EF60FB1AA4B6B600D74C01 /* ActivitiesViewControllerSwift */ = {
			isa = PBXGroup;
			children = (
				A0EF60FC1AA4B6B600D74C01 /* ActivitiesCell */,
				A0EF60FF1AA4B6B600D74C01 /* ActivitiesViewControllerSwift.swift */,
				A0EF61001AA4B6B600D74C01 /* ActivitiesViewControllerSwift.xib */,
			);
			path = ActivitiesViewControllerSwift;
			sourceTree = "<group>";
		};
		A0EF60FC1AA4B6B600D74C01 /* ActivitiesCell */ = {
			isa = PBXGroup;
			children = (
				A0EF60FD1AA4B6B600D74C01 /* ActivityTableViewCell.swift */,
				A0EF60FE1AA4B6B600D74C01 /* ActivityTableViewCell.xib */,
			);
			path = ActivitiesCell;
			sourceTree = "<group>";
		};
		A0EF61051AA4B6B600D74C01 /* CategoriesViewControllerSwift */ = {
			isa = PBXGroup;
			children = (
				A0EF61061AA4B6B600D74C01 /* CategoriesViewControllerSwift.swift */,
				A0EF61071AA4B6B600D74C01 /* CategoriesViewControllerSwift.xib */,
			);
			path = CategoriesViewControllerSwift;
			sourceTree = "<group>";
		};
		A0EF61081AA4B6B600D74C01 /* EventosViewController */ = {
			isa = PBXGroup;
			children = (
				A0EF61091AA4B6B600D74C01 /* EventosViewController.h */,
				A0EF610A1AA4B6B600D74C01 /* EventosViewController.m */,
				A0EF610B1AA4B6B600D74C01 /* EventosViewController.xib */,
			);
			path = EventosViewController;
			sourceTree = "<group>";
		};
		A0EF610C1AA4B6B600D74C01 /* HomeViewController */ = {
			isa = PBXGroup;
			children = (
				A0EF610D1AA4B6B600D74C01 /* HomeViewController.h */,
				A0EF610E1AA4B6B600D74C01 /* HomeViewController.m */,
				A0EF610F1AA4B6B600D74C01 /* HomeViewController.xib */,
			);
			path = HomeViewController;
			sourceTree = "<group>";
		};
		A0EF61221AA4B70B00D74C01 /* Assets */ = {
			isa = PBXGroup;
			children = (
				A0EF61651AA76AE800D74C01 /* Localizable.strings */,
				A0EF61231AA4B70B00D74C01 /* Categories */,
				A0EF61281AA4B70B00D74C01 /* Constants.h */,
				A0EF61291AA4B70B00D74C01 /* Constants.m */,
				A0EF612A1AA4B70B00D74C01 /* Custom Cells */,
				A0EF61311AA4B70B00D74C01 /* Imgs */,
			);
			name = Assets;
			path = "Que Hacer MDQ v2/Assets";
			sourceTree = "<group>";
		};
		A0EF61231AA4B70B00D74C01 /* Categories */ = {
			isa = PBXGroup;
			children = (
				A0EF61241AA4B70B00D74C01 /* NSDate+ParseFromString.swift */,
				A0EF61251AA4B70B00D74C01 /* NSManagedObject+addObject.swift */,
				A0EF61261AA4B70B00D74C01 /* UILabel+AutoHeight.h */,
				A0EF61271AA4B70B00D74C01 /* UILabel+AutoHeight.m */,
			);
			path = Categories;
			sourceTree = "<group>";
		};
		A0EF612A1AA4B70B00D74C01 /* Custom Cells */ = {
			isa = PBXGroup;
			children = (
				A0EF612B1AA4B70B00D74C01 /* BeachesTableViewCell.h */,
				A0EF612C1AA4B70B00D74C01 /* BeachesTableViewCell.m */,
				A0EF612D1AA4B70B00D74C01 /* BeachesTableViewCell.xib */,
				A0EF612E1AA4B70B00D74C01 /* GenericTableViewCell.h */,
				A0EF612F1AA4B70B00D74C01 /* GenericTableViewCell.m */,
				A0EF61301AA4B70B00D74C01 /* GenericTableViewCell.xib */,
			);
			path = "Custom Cells";
			sourceTree = "<group>";
		};
		A0EF61311AA4B70B00D74C01 /* Imgs */ = {
			isa = PBXGroup;
			children = (
				A0C5CEF41AC9772D002A0A6C /* art_checkbox_check_16.png */,
				A0C5CEF51AC9772D002A0A6C /* art_checkbox_empty_16.png */,
				A0C5CEE31AC5D5F5002A0A6C /* art_checkbox_check_32.png */,
				A0C5CEE41AC5D5F5002A0A6C /* art_checkbox_empty_32.png */,
				A0C5CEBA1AC48E67002A0A6C /* bg_amanecer1-landscape.png */,
				A0C5CEBB1AC48E67002A0A6C /* bg_amanecer1.png */,
				A0C5CEBC1AC48E67002A0A6C /* bg_amanecer2.png */,
				A0C5CEBD1AC48E67002A0A6C /* bg_amanecer3.png */,
				A0C5CEBE1AC48E67002A0A6C /* bg_anochecer1.png */,
				A0C5CEBF1AC48E67002A0A6C /* bg_atardecer1.png */,
				A0C5CEC01AC48E67002A0A6C /* bg_noche1-landscape.png */,
				A0C5CEC11AC48E67002A0A6C /* bg_noche1.png */,
				A0C5CEC21AC48E67002A0A6C /* bg_noche2-lansdscape.png */,
				A0C5CEC31AC48E67002A0A6C /* bg_noche2.png */,
				A0C5CEC41AC48E67002A0A6C /* bg_nublado1.png */,
				A0C5CEC51AC48E67002A0A6C /* bg_soleado1.png */,
				A0C5CEC61AC48E67002A0A6C /* cat_lnb1.png */,
			);
			path = Imgs;
			sourceTree = "<group>";
		};
		A0EF61431AA4B76700D74C01 /* Services */ = {
			isa = PBXGroup;
			children = (
				A0EF61441AA4B76700D74C01 /* WSConcurso.h */,
				A0EF61451AA4B76700D74C01 /* WSConcurso.m */,
				A0EF61461AA4B76700D74C01 /* WSMGPCulturaEnVivoEventos.h */,
				A0EF61471AA4B76700D74C01 /* WSMGPCulturaEnVivoEventos.m */,
				A0EF61481AA4B76700D74C01 /* WSMGPEventos.h */,
				A0EF61491AA4B76700D74C01 /* WSMGPEventos.m */,
				A0EF61621AA4FE6700D74C01 /* WSMDQActivities.h */,
				A0EF61631AA4FE8000D74C01 /* WSMDQActivities.m */,
			);
			name = Services;
			path = "Que Hacer MDQ v2/Services";
			sourceTree = "<group>";
		};
		A0EF614D1AA4CF4600D74C01 /* Classes */ = {
			isa = PBXGroup;
			children = (
				A0C5CEDA1AC58F4E002A0A6C /* ActivityCategory.h */,
				A0C5CEDB1AC58F4E002A0A6C /* ActivityCategory.m */,
				A0C5CEA01ABB2901002A0A6C /* Activity.h */,
				A0C5CEA11ABB2901002A0A6C /* Activity.m */,
				A0C5CE961AB8AE3E002A0A6C /* Tag.h */,
				A0C5CE971AB8AE3E002A0A6C /* Tag.m */,
				A0C5CE931AB8AE3D002A0A6C /* Schedule.h */,
				A0C5CE941AB8AE3D002A0A6C /* Schedule.m */,
				A0C5CE851AB70BDA002A0A6C /* Area.swift */,
			);
			name = Classes;
			path = "Que Hacer MDQ v2/Classes";
			sourceTree = "<group>";
		};
		A2F0558D0745B776DE5149AC /* Pods */ = {
			isa = PBXGroup;
			children = (
				29DCABC4F6AA7800E8EE2E68 /* Pods-Que Hacer MDQ v2.debug.xcconfig */,
				91E527D31B69B45960D711D2 /* Pods-Que Hacer MDQ v2.release.xcconfig */,
			);
			name = Pods;
			sourceTree = "<group>";
		};
/* End PBXGroup section */

/* Begin PBXNativeTarget section */
		A0EF60CD1AA4A6CA00D74C01 /* Que Hacer MDQ v2 */ = {
			isa = PBXNativeTarget;
			buildConfigurationList = A0EF60F41AA4A6CA00D74C01 /* Build configuration list for PBXNativeTarget "Que Hacer MDQ v2" */;
			buildPhases = (
				768BD8F40598F2D5D2183B6E /* Check Pods Manifest.lock */,
				A0EF60CA1AA4A6CA00D74C01 /* Sources */,
				A0EF60CB1AA4A6CA00D74C01 /* Frameworks */,
				A0EF60CC1AA4A6CA00D74C01 /* Resources */,
				40B4A51BD6163FFCF00B708A /* Copy Pods Resources */,
			);
			buildRules = (
			);
			dependencies = (
			);
			name = "Que Hacer MDQ v2";
			productName = "Que Hacer MDQ v2";
			productReference = A0EF60CE1AA4A6CA00D74C01 /* Que Hacer MDQ v2.app */;
			productType = "com.apple.product-type.application";
		};
		A0EF60E91AA4A6CA00D74C01 /* Que Hacer MDQ v2Tests */ = {
			isa = PBXNativeTarget;
			buildConfigurationList = A0EF60F71AA4A6CA00D74C01 /* Build configuration list for PBXNativeTarget "Que Hacer MDQ v2Tests" */;
			buildPhases = (
				A0EF60E61AA4A6CA00D74C01 /* Sources */,
				A0EF60E71AA4A6CA00D74C01 /* Frameworks */,
				A0EF60E81AA4A6CA00D74C01 /* Resources */,
			);
			buildRules = (
			);
			dependencies = (
				A0EF60EC1AA4A6CA00D74C01 /* PBXTargetDependency */,
			);
			name = "Que Hacer MDQ v2Tests";
			productName = "Que Hacer MDQ v2Tests";
			productReference = A0EF60EA1AA4A6CA00D74C01 /* Que Hacer MDQ v2Tests.xctest */;
			productType = "com.apple.product-type.bundle.unit-test";
		};
/* End PBXNativeTarget section */

/* Begin PBXProject section */
		A0EF60C61AA4A6CA00D74C01 /* Project object */ = {
			isa = PBXProject;
			attributes = {
				LastUpgradeCheck = 0610;
				ORGANIZATIONNAME = "Globant iOS MDQ";
				TargetAttributes = {
					A0EF60CD1AA4A6CA00D74C01 = {
						CreatedOnToolsVersion = 6.1;
					};
					A0EF60E91AA4A6CA00D74C01 = {
						CreatedOnToolsVersion = 6.1;
						TestTargetID = A0EF60CD1AA4A6CA00D74C01;
					};
				};
			};
			buildConfigurationList = A0EF60C91AA4A6CA00D74C01 /* Build configuration list for PBXProject "Que Hacer MDQ v2" */;
			compatibilityVersion = "Xcode 3.2";
			developmentRegion = English;
			hasScannedForEncodings = 0;
			knownRegions = (
				en,
				Base,
			);
			mainGroup = A0EF60C51AA4A6CA00D74C01;
			productRefGroup = A0EF60CF1AA4A6CA00D74C01 /* Products */;
			projectDirPath = "";
			projectRoot = "";
			targets = (
				A0EF60CD1AA4A6CA00D74C01 /* Que Hacer MDQ v2 */,
				A0EF60E91AA4A6CA00D74C01 /* Que Hacer MDQ v2Tests */,
			);
		};
/* End PBXProject section */

/* Begin PBXResourcesBuildPhase section */
		A0EF60CC1AA4A6CA00D74C01 /* Resources */ = {
			isa = PBXResourcesBuildPhase;
			buildActionMask = 2147483647;
			files = (
				A0C5CEB71AC45639002A0A6C /* SplashViewController.xib in Resources */,
				A0C5CECF1AC48E67002A0A6C /* bg_noche2-lansdscape.png in Resources */,
				A0C5CE1B1AAF6E2B002A0A6C /* LoginViewController.xib in Resources */,
				A0EF611B1AA4B6B600D74C01 /* CategoriesViewControllerSwift.xib in Resources */,
				A0C5CEAA1AC31A02002A0A6C /* DetailViewController.xib in Resources */,
				A0C5CED01AC48E67002A0A6C /* bg_noche2.png in Resources */,
				A0C5CEF61AC9772D002A0A6C /* art_checkbox_check_16.png in Resources */,
				A0EF613E1AA4B70C00D74C01 /* GenericTableViewCell.xib in Resources */,
				A0C5CED11AC48E67002A0A6C /* bg_nublado1.png in Resources */,
				A0EF60E01AA4A6CA00D74C01 /* Main.storyboard in Resources */,
				A0C5CEF31AC5F2B4002A0A6C /* CategoryCollectionViewCell.xib in Resources */,
				A0C5CED31AC48E67002A0A6C /* cat_lnb1.png in Resources */,
				A0EF60E51AA4A6CA00D74C01 /* LaunchScreen.xib in Resources */,
				A0C5CEE61AC5D5F5002A0A6C /* art_checkbox_empty_32.png in Resources */,
				A0C5CEE21AC59DEE002A0A6C /* CategoriesSelectionViewController.xib in Resources */,
				A0EF61151AA4B6B600D74C01 /* ActivityTableViewCell.xib in Resources */,
				A0C5CEC81AC48E67002A0A6C /* bg_amanecer1.png in Resources */,
				A0C5CECB1AC48E67002A0A6C /* bg_anochecer1.png in Resources */,
				A0C5CEF71AC9772D002A0A6C /* art_checkbox_empty_16.png in Resources */,
				A0C5CEE51AC5D5F5002A0A6C /* art_checkbox_check_32.png in Resources */,
				A0C5CECD1AC48E67002A0A6C /* bg_noche1-landscape.png in Resources */,
				A0C5CED21AC48E67002A0A6C /* bg_soleado1.png in Resources */,
				A0C5CECC1AC48E67002A0A6C /* bg_atardecer1.png in Resources */,
				A0EF611D1AA4B6B600D74C01 /* EventosViewController.xib in Resources */,
				A0C5CEC91AC48E67002A0A6C /* bg_amanecer2.png in Resources */,
				A0EF61171AA4B6B600D74C01 /* ActivitiesViewControllerSwift.xib in Resources */,
				A0C5CEB91AC48A9A002A0A6C /* Default-568h@2x.png in Resources */,
				A0EF61661AA76AE800D74C01 /* Localizable.strings in Resources */,
				A0EF60E21AA4A6CA00D74C01 /* Images.xcassets in Resources */,
				A0EF613C1AA4B70C00D74C01 /* BeachesTableViewCell.xib in Resources */,
				A0C5CEC71AC48E67002A0A6C /* bg_amanecer1-landscape.png in Resources */,
				A0EF611F1AA4B6B600D74C01 /* HomeViewController.xib in Resources */,
				A0C5CECA1AC48E67002A0A6C /* bg_amanecer3.png in Resources */,
				A0C5CECE1AC48E67002A0A6C /* bg_noche1.png in Resources */,
				A0C5CEB11AC326B2002A0A6C /* ActivitiesListViewController.xib in Resources */,
			);
			runOnlyForDeploymentPostprocessing = 0;
		};
		A0EF60E81AA4A6CA00D74C01 /* Resources */ = {
			isa = PBXResourcesBuildPhase;
			buildActionMask = 2147483647;
			files = (
			);
			runOnlyForDeploymentPostprocessing = 0;
		};
/* End PBXResourcesBuildPhase section */

/* Begin PBXShellScriptBuildPhase section */
		40B4A51BD6163FFCF00B708A /* Copy Pods Resources */ = {
			isa = PBXShellScriptBuildPhase;
			buildActionMask = 2147483647;
			files = (
			);
			inputPaths = (
			);
			name = "Copy Pods Resources";
			outputPaths = (
			);
			runOnlyForDeploymentPostprocessing = 0;
			shellPath = /bin/sh;
			shellScript = "\"${SRCROOT}/Pods/Target Support Files/Pods-Que Hacer MDQ v2/Pods-Que Hacer MDQ v2-resources.sh\"\n";
			showEnvVarsInLog = 0;
		};
		768BD8F40598F2D5D2183B6E /* Check Pods Manifest.lock */ = {
			isa = PBXShellScriptBuildPhase;
			buildActionMask = 2147483647;
			files = (
			);
			inputPaths = (
			);
			name = "Check Pods Manifest.lock";
			outputPaths = (
			);
			runOnlyForDeploymentPostprocessing = 0;
			shellPath = /bin/sh;
			shellScript = "diff \"${PODS_ROOT}/../Podfile.lock\" \"${PODS_ROOT}/Manifest.lock\" > /dev/null\nif [[ $? != 0 ]] ; then\n    cat << EOM\nerror: The sandbox is not in sync with the Podfile.lock. Run 'pod install' or update your CocoaPods installation.\nEOM\n    exit 1\nfi\n";
			showEnvVarsInLog = 0;
		};
/* End PBXShellScriptBuildPhase section */

/* Begin PBXSourcesBuildPhase section */
		A0EF60CA1AA4A6CA00D74C01 /* Sources */ = {
			isa = PBXSourcesBuildPhase;
			buildActionMask = 2147483647;
			files = (
				A0C5CE1A1AAF6E2B002A0A6C /* LoginViewController.swift in Sources */,
				A0EF611A1AA4B6B600D74C01 /* CategoriesViewControllerSwift.swift in Sources */,
				A0EF60DA1AA4A6CA00D74C01 /* Que_Hacer_MDQ_v2.xcdatamodeld in Sources */,
				A0EF611C1AA4B6B600D74C01 /* EventosViewController.m in Sources */,
				A0EF611E1AA4B6B600D74C01 /* HomeViewController.m in Sources */,
				A0C5CEB61AC45639002A0A6C /* SplashViewController.m in Sources */,
				A0C5CEB01AC326B1002A0A6C /* ActivitiesListViewController.m in Sources */,
				A0C5CE1F1AB1C4AC002A0A6C /* CoreDataHelper.m in Sources */,
				A0EF60D71AA4A6CA00D74C01 /* AppDelegate.m in Sources */,
				A0EF613A1AA4B70C00D74C01 /* Constants.m in Sources */,
				A0C5CEA51ABB6579002A0A6C /* Synchronizer.m in Sources */,
				A0EF61141AA4B6B600D74C01 /* ActivityTableViewCell.swift in Sources */,
				A0C5CEF21AC5F2B4002A0A6C /* CategoryCollectionViewCell.m in Sources */,
				A0EF61161AA4B6B600D74C01 /* ActivitiesViewControllerSwift.swift in Sources */,
				A0C5CE861AB70BDA002A0A6C /* Area.swift in Sources */,
				A0EF61641AA4FE8000D74C01 /* WSMDQActivities.m in Sources */,
				A0EF60DD1AA4A6CA00D74C01 /* ViewController.m in Sources */,
				A0EF613D1AA4B70C00D74C01 /* GenericTableViewCell.m in Sources */,
				A0C5CEE11AC59DEE002A0A6C /* CategoriesSelectionViewController.m in Sources */,
				A0C5CE981AB8AE3E002A0A6C /* Tag.m in Sources */,
				A0EF61381AA4B70C00D74C01 /* NSManagedObject+addObject.swift in Sources */,
				A0C5CEA21ABB2901002A0A6C /* Activity.m in Sources */,
				A0EF614B1AA4B76700D74C01 /* WSMGPCulturaEnVivoEventos.m in Sources */,
				A0EF60D41AA4A6CA00D74C01 /* main.m in Sources */,
				A0C5CE951AB8AE3D002A0A6C /* Schedule.m in Sources */,
				A0EF61391AA4B70C00D74C01 /* UILabel+AutoHeight.m in Sources */,
				A0C5CEE91AC5E5FB002A0A6C /* Reachability.m in Sources */,
				A0C5CE9F1AB9EC5F002A0A6C /* DataTypesHelper.m in Sources */,
				A0EF614A1AA4B76700D74C01 /* WSConcurso.m in Sources */,
				A0EF61371AA4B70C00D74C01 /* NSDate+ParseFromString.swift in Sources */,
				A0C5CEDC1AC58F4E002A0A6C /* ActivityCategory.m in Sources */,
				A0EF613B1AA4B70C00D74C01 /* BeachesTableViewCell.m in Sources */,
				A0EF614C1AA4B76700D74C01 /* WSMGPEventos.m in Sources */,
				A0C5CEFF1AC99170002A0A6C /* AppSettings.m in Sources */,
				A0C5CEA91AC31A02002A0A6C /* DetailViewController.m in Sources */,
			);
			runOnlyForDeploymentPostprocessing = 0;
		};
		A0EF60E61AA4A6CA00D74C01 /* Sources */ = {
			isa = PBXSourcesBuildPhase;
			buildActionMask = 2147483647;
			files = (
				A0EF60F11AA4A6CA00D74C01 /* Que_Hacer_MDQ_v2Tests.m in Sources */,
			);
			runOnlyForDeploymentPostprocessing = 0;
		};
/* End PBXSourcesBuildPhase section */

/* Begin PBXTargetDependency section */
		A0EF60EC1AA4A6CA00D74C01 /* PBXTargetDependency */ = {
			isa = PBXTargetDependency;
			target = A0EF60CD1AA4A6CA00D74C01 /* Que Hacer MDQ v2 */;
			targetProxy = A0EF60EB1AA4A6CA00D74C01 /* PBXContainerItemProxy */;
		};
/* End PBXTargetDependency section */

/* Begin PBXVariantGroup section */
		A0EF60DE1AA4A6CA00D74C01 /* Main.storyboard */ = {
			isa = PBXVariantGroup;
			children = (
				A0EF60DF1AA4A6CA00D74C01 /* Base */,
			);
			name = Main.storyboard;
			sourceTree = "<group>";
		};
		A0EF60E31AA4A6CA00D74C01 /* LaunchScreen.xib */ = {
			isa = PBXVariantGroup;
			children = (
				A0EF60E41AA4A6CA00D74C01 /* Base */,
			);
			name = LaunchScreen.xib;
			sourceTree = "<group>";
		};
/* End PBXVariantGroup section */

/* Begin XCBuildConfiguration section */
		A0EF60F21AA4A6CA00D74C01 /* Debug */ = {
			isa = XCBuildConfiguration;
			buildSettings = {
				ALWAYS_SEARCH_USER_PATHS = NO;
				CLANG_CXX_LANGUAGE_STANDARD = "gnu++0x";
				CLANG_CXX_LIBRARY = "libc++";
				CLANG_ENABLE_MODULES = YES;
				CLANG_ENABLE_OBJC_ARC = YES;
				CLANG_WARN_BOOL_CONVERSION = YES;
				CLANG_WARN_CONSTANT_CONVERSION = YES;
				CLANG_WARN_DIRECT_OBJC_ISA_USAGE = YES_ERROR;
				CLANG_WARN_EMPTY_BODY = YES;
				CLANG_WARN_ENUM_CONVERSION = YES;
				CLANG_WARN_INT_CONVERSION = YES;
				CLANG_WARN_OBJC_ROOT_CLASS = YES_ERROR;
				CLANG_WARN_UNREACHABLE_CODE = YES;
				CLANG_WARN__DUPLICATE_METHOD_MATCH = YES;
				"CODE_SIGN_IDENTITY[sdk=iphoneos*]" = "iPhone Developer";
				COPY_PHASE_STRIP = NO;
				ENABLE_STRICT_OBJC_MSGSEND = YES;
				GCC_C_LANGUAGE_STANDARD = gnu99;
				GCC_DYNAMIC_NO_PIC = NO;
				GCC_OPTIMIZATION_LEVEL = 0;
				GCC_PREPROCESSOR_DEFINITIONS = (
					"DEBUG=1",
					"$(inherited)",
				);
				GCC_SYMBOLS_PRIVATE_EXTERN = NO;
				GCC_WARN_64_TO_32_BIT_CONVERSION = YES;
				GCC_WARN_ABOUT_RETURN_TYPE = YES_ERROR;
				GCC_WARN_UNDECLARED_SELECTOR = YES;
				GCC_WARN_UNINITIALIZED_AUTOS = YES_AGGRESSIVE;
				GCC_WARN_UNUSED_FUNCTION = YES;
				GCC_WARN_UNUSED_VARIABLE = YES;
				IPHONEOS_DEPLOYMENT_TARGET = 8.1;
				MTL_ENABLE_DEBUG_INFO = YES;
				ONLY_ACTIVE_ARCH = YES;
				SDKROOT = iphoneos;
				TARGETED_DEVICE_FAMILY = "1,2";
			};
			name = Debug;
		};
		A0EF60F31AA4A6CA00D74C01 /* Release */ = {
			isa = XCBuildConfiguration;
			buildSettings = {
				ALWAYS_SEARCH_USER_PATHS = NO;
				CLANG_CXX_LANGUAGE_STANDARD = "gnu++0x";
				CLANG_CXX_LIBRARY = "libc++";
				CLANG_ENABLE_MODULES = YES;
				CLANG_ENABLE_OBJC_ARC = YES;
				CLANG_WARN_BOOL_CONVERSION = YES;
				CLANG_WARN_CONSTANT_CONVERSION = YES;
				CLANG_WARN_DIRECT_OBJC_ISA_USAGE = YES_ERROR;
				CLANG_WARN_EMPTY_BODY = YES;
				CLANG_WARN_ENUM_CONVERSION = YES;
				CLANG_WARN_INT_CONVERSION = YES;
				CLANG_WARN_OBJC_ROOT_CLASS = YES_ERROR;
				CLANG_WARN_UNREACHABLE_CODE = YES;
				CLANG_WARN__DUPLICATE_METHOD_MATCH = YES;
				"CODE_SIGN_IDENTITY[sdk=iphoneos*]" = "iPhone Developer";
				COPY_PHASE_STRIP = YES;
				ENABLE_NS_ASSERTIONS = NO;
				ENABLE_STRICT_OBJC_MSGSEND = YES;
				GCC_C_LANGUAGE_STANDARD = gnu99;
				GCC_WARN_64_TO_32_BIT_CONVERSION = YES;
				GCC_WARN_ABOUT_RETURN_TYPE = YES_ERROR;
				GCC_WARN_UNDECLARED_SELECTOR = YES;
				GCC_WARN_UNINITIALIZED_AUTOS = YES_AGGRESSIVE;
				GCC_WARN_UNUSED_FUNCTION = YES;
				GCC_WARN_UNUSED_VARIABLE = YES;
				IPHONEOS_DEPLOYMENT_TARGET = 8.1;
				MTL_ENABLE_DEBUG_INFO = NO;
				SDKROOT = iphoneos;
				TARGETED_DEVICE_FAMILY = "1,2";
				VALIDATE_PRODUCT = YES;
			};
			name = Release;
		};
		A0EF60F51AA4A6CA00D74C01 /* Debug */ = {
			isa = XCBuildConfiguration;
			baseConfigurationReference = 29DCABC4F6AA7800E8EE2E68 /* Pods-Que Hacer MDQ v2.debug.xcconfig */;
			buildSettings = {
				ASSETCATALOG_COMPILER_APPICON_NAME = AppIcon;
				DEFINES_MODULE = YES;
				INFOPLIST_FILE = "Que Hacer MDQ v2/Info.plist";
				IPHONEOS_DEPLOYMENT_TARGET = 7.1;
				LD_RUNPATH_SEARCH_PATHS = "$(inherited) @executable_path/Frameworks";
				PRODUCT_NAME = "$(TARGET_NAME)";
				"SWIFT_OBJC_BRIDGING_HEADER[arch=*]" = "Que Hacer MDQ v2/Que Hacer MDQ v2-Bridging-Header.h";
			};
			name = Debug;
		};
		A0EF60F61AA4A6CA00D74C01 /* Release */ = {
			isa = XCBuildConfiguration;
			baseConfigurationReference = 91E527D31B69B45960D711D2 /* Pods-Que Hacer MDQ v2.release.xcconfig */;
			buildSettings = {
				ASSETCATALOG_COMPILER_APPICON_NAME = AppIcon;
				DEFINES_MODULE = YES;
				INFOPLIST_FILE = "Que Hacer MDQ v2/Info.plist";
				IPHONEOS_DEPLOYMENT_TARGET = 7.1;
				LD_RUNPATH_SEARCH_PATHS = "$(inherited) @executable_path/Frameworks";
				PRODUCT_NAME = "$(TARGET_NAME)";
				"SWIFT_OBJC_BRIDGING_HEADER[arch=*]" = "Que Hacer MDQ v2/Que Hacer MDQ v2-Bridging-Header.h";
			};
			name = Release;
		};
		A0EF60F81AA4A6CA00D74C01 /* Debug */ = {
			isa = XCBuildConfiguration;
			buildSettings = {
				BUNDLE_LOADER = "$(TEST_HOST)";
				FRAMEWORK_SEARCH_PATHS = (
					"$(SDKROOT)/Developer/Library/Frameworks",
					"$(inherited)",
				);
				GCC_PREPROCESSOR_DEFINITIONS = (
					"DEBUG=1",
					"$(inherited)",
				);
				INFOPLIST_FILE = "Que Hacer MDQ v2Tests/Info.plist";
				LD_RUNPATH_SEARCH_PATHS = "$(inherited) @executable_path/Frameworks @loader_path/Frameworks";
				PRODUCT_NAME = "$(TARGET_NAME)";
				TEST_HOST = "$(BUILT_PRODUCTS_DIR)/Que Hacer MDQ v2.app/Que Hacer MDQ v2";
			};
			name = Debug;
		};
		A0EF60F91AA4A6CA00D74C01 /* Release */ = {
			isa = XCBuildConfiguration;
			buildSettings = {
				BUNDLE_LOADER = "$(TEST_HOST)";
				FRAMEWORK_SEARCH_PATHS = (
					"$(SDKROOT)/Developer/Library/Frameworks",
					"$(inherited)",
				);
				INFOPLIST_FILE = "Que Hacer MDQ v2Tests/Info.plist";
				LD_RUNPATH_SEARCH_PATHS = "$(inherited) @executable_path/Frameworks @loader_path/Frameworks";
				PRODUCT_NAME = "$(TARGET_NAME)";
				TEST_HOST = "$(BUILT_PRODUCTS_DIR)/Que Hacer MDQ v2.app/Que Hacer MDQ v2";
			};
			name = Release;
		};
/* End XCBuildConfiguration section */

/* Begin XCConfigurationList section */
		A0EF60C91AA4A6CA00D74C01 /* Build configuration list for PBXProject "Que Hacer MDQ v2" */ = {
			isa = XCConfigurationList;
			buildConfigurations = (
				A0EF60F21AA4A6CA00D74C01 /* Debug */,
				A0EF60F31AA4A6CA00D74C01 /* Release */,
			);
			defaultConfigurationIsVisible = 0;
			defaultConfigurationName = Release;
		};
		A0EF60F41AA4A6CA00D74C01 /* Build configuration list for PBXNativeTarget "Que Hacer MDQ v2" */ = {
			isa = XCConfigurationList;
			buildConfigurations = (
				A0EF60F51AA4A6CA00D74C01 /* Debug */,
				A0EF60F61AA4A6CA00D74C01 /* Release */,
			);
			defaultConfigurationIsVisible = 0;
			defaultConfigurationName = Release;
		};
		A0EF60F71AA4A6CA00D74C01 /* Build configuration list for PBXNativeTarget "Que Hacer MDQ v2Tests" */ = {
			isa = XCConfigurationList;
			buildConfigurations = (
				A0EF60F81AA4A6CA00D74C01 /* Debug */,
				A0EF60F91AA4A6CA00D74C01 /* Release */,
			);
			defaultConfigurationIsVisible = 0;
			defaultConfigurationName = Release;
		};
/* End XCConfigurationList section */

/* Begin XCVersionGroup section */
		A0EF60D81AA4A6CA00D74C01 /* Que_Hacer_MDQ_v2.xcdatamodeld */ = {
			isa = XCVersionGroup;
			children = (
				A0EF60D91AA4A6CA00D74C01 /* Que_Hacer_MDQ_v2.xcdatamodel */,
			);
			currentVersion = A0EF60D91AA4A6CA00D74C01 /* Que_Hacer_MDQ_v2.xcdatamodel */;
			path = Que_Hacer_MDQ_v2.xcdatamodeld;
			sourceTree = "<group>";
			versionGroupType = wrapper.xcdatamodel;
		};
/* End XCVersionGroup section */
	};
	rootObject = A0EF60C61AA4A6CA00D74C01 /* Project object */;
}
