// !$*UTF8*$!
{
	archiveVersion = 1;
	classes = {
	};
	objectVersion = 46;
	objects = {

/* Begin PBXBuildFile section */
		A0EF60D41AA4A6CA00D74C01 /* main.m in Sources */ = {isa = PBXBuildFile; fileRef = A0EF60D31AA4A6CA00D74C01 /* main.m */; };
		A0EF60D71AA4A6CA00D74C01 /* AppDelegate.m in Sources */ = {isa = PBXBuildFile; fileRef = A0EF60D61AA4A6CA00D74C01 /* AppDelegate.m */; };
		A0EF60DA1AA4A6CA00D74C01 /* Que_Hacer_MDQ_v2.xcdatamodeld in Sources */ = {isa = PBXBuildFile; fileRef = A0EF60D81AA4A6CA00D74C01 /* Que_Hacer_MDQ_v2.xcdatamodeld */; };
		A0EF60DD1AA4A6CA00D74C01 /* ViewController.m in Sources */ = {isa = PBXBuildFile; fileRef = A0EF60DC1AA4A6CA00D74C01 /* ViewController.m */; };
		A0EF60E01AA4A6CA00D74C01 /* Main.storyboard in Resources */ = {isa = PBXBuildFile; fileRef = A0EF60DE1AA4A6CA00D74C01 /* Main.storyboard */; };
		A0EF60E21AA4A6CA00D74C01 /* Images.xcassets in Resources */ = {isa = PBXBuildFile; fileRef = A0EF60E11AA4A6CA00D74C01 /* Images.xcassets */; };
		A0EF60E51AA4A6CA00D74C01 /* LaunchScreen.xib in Resources */ = {isa = PBXBuildFile; fileRef = A0EF60E31AA4A6CA00D74C01 /* LaunchScreen.xib */; };
		A0EF60F11AA4A6CA00D74C01 /* Que_Hacer_MDQ_v2Tests.m in Sources */ = {isa = PBXBuildFile; fileRef = A0EF60F01AA4A6CA00D74C01 /* Que_Hacer_MDQ_v2Tests.m */; };
		A0EF61141AA4B6B600D74C01 /* ActivityTableViewCell.swift in Sources */ = {isa = PBXBuildFile; fileRef = A0EF60FD1AA4B6B600D74C01 /* ActivityTableViewCell.swift */; };
		A0EF61151AA4B6B600D74C01 /* ActivityTableViewCell.xib in Resources */ = {isa = PBXBuildFile; fileRef = A0EF60FE1AA4B6B600D74C01 /* ActivityTableViewCell.xib */; };
		A0EF61161AA4B6B600D74C01 /* ActivitiesViewControllerSwift.swift in Sources */ = {isa = PBXBuildFile; fileRef = A0EF60FF1AA4B6B600D74C01 /* ActivitiesViewControllerSwift.swift */; };
		A0EF61171AA4B6B600D74C01 /* ActivitiesViewControllerSwift.xib in Resources */ = {isa = PBXBuildFile; fileRef = A0EF61001AA4B6B600D74C01 /* ActivitiesViewControllerSwift.xib */; };
		A0EF611A1AA4B6B600D74C01 /* CategoriesViewControllerSwift.swift in Sources */ = {isa = PBXBuildFile; fileRef = A0EF61061AA4B6B600D74C01 /* CategoriesViewControllerSwift.swift */; };
		A0EF611B1AA4B6B600D74C01 /* CategoriesViewControllerSwift.xib in Resources */ = {isa = PBXBuildFile; fileRef = A0EF61071AA4B6B600D74C01 /* CategoriesViewControllerSwift.xib */; };
		A0EF611C1AA4B6B600D74C01 /* EventosViewController.m in Sources */ = {isa = PBXBuildFile; fileRef = A0EF610A1AA4B6B600D74C01 /* EventosViewController.m */; };
		A0EF611D1AA4B6B600D74C01 /* EventosViewController.xib in Resources */ = {isa = PBXBuildFile; fileRef = A0EF610B1AA4B6B600D74C01 /* EventosViewController.xib */; };
		A0EF611E1AA4B6B600D74C01 /* HomeViewController.m in Sources */ = {isa = PBXBuildFile; fileRef = A0EF610E1AA4B6B600D74C01 /* HomeViewController.m */; };
		A0EF611F1AA4B6B600D74C01 /* HomeViewController.xib in Resources */ = {isa = PBXBuildFile; fileRef = A0EF610F1AA4B6B600D74C01 /* HomeViewController.xib */; };
		A0EF61371AA4B70C00D74C01 /* NSDate+ParseFromString.swift in Sources */ = {isa = PBXBuildFile; fileRef = A0EF61241AA4B70B00D74C01 /* NSDate+ParseFromString.swift */; };
		A0EF61381AA4B70C00D74C01 /* NSManagedObject+addObject.swift in Sources */ = {isa = PBXBuildFile; fileRef = A0EF61251AA4B70B00D74C01 /* NSManagedObject+addObject.swift */; };
		A0EF61391AA4B70C00D74C01 /* UILabel+AutoHeight.m in Sources */ = {isa = PBXBuildFile; fileRef = A0EF61271AA4B70B00D74C01 /* UILabel+AutoHeight.m */; };
		A0EF613A1AA4B70C00D74C01 /* Constants.m in Sources */ = {isa = PBXBuildFile; fileRef = A0EF61291AA4B70B00D74C01 /* Constants.m */; };
		A0EF613B1AA4B70C00D74C01 /* BeachesTableViewCell.m in Sources */ = {isa = PBXBuildFile; fileRef = A0EF612C1AA4B70B00D74C01 /* BeachesTableViewCell.m */; };
		A0EF613C1AA4B70C00D74C01 /* BeachesTableViewCell.xib in Resources */ = {isa = PBXBuildFile; fileRef = A0EF612D1AA4B70B00D74C01 /* BeachesTableViewCell.xib */; };
		A0EF613D1AA4B70C00D74C01 /* GenericTableViewCell.m in Sources */ = {isa = PBXBuildFile; fileRef = A0EF612F1AA4B70B00D74C01 /* GenericTableViewCell.m */; };
		A0EF613E1AA4B70C00D74C01 /* GenericTableViewCell.xib in Resources */ = {isa = PBXBuildFile; fileRef = A0EF61301AA4B70B00D74C01 /* GenericTableViewCell.xib */; };
		A0EF613F1AA4B70C00D74C01 /* categoryIconTheater.png in Resources */ = {isa = PBXBuildFile; fileRef = A0EF61321AA4B70C00D74C01 /* categoryIconTheater.png */; };
		A0EF61401AA4B70C00D74C01 /* mar-del-plata-night_93079-1600x1200.jpg in Resources */ = {isa = PBXBuildFile; fileRef = A0EF61331AA4B70C00D74C01 /* mar-del-plata-night_93079-1600x1200.jpg */; };
		A0EF61411AA4B70C00D74C01 /* mar-del-plata.jpg in Resources */ = {isa = PBXBuildFile; fileRef = A0EF61341AA4B70C00D74C01 /* mar-del-plata.jpg */; };
		A0EF61421AA4B70C00D74C01 /* mdq-bg1.jpg in Resources */ = {isa = PBXBuildFile; fileRef = A0EF61351AA4B70C00D74C01 /* mdq-bg1.jpg */; };
		A0EF614A1AA4B76700D74C01 /* WSConcurso.m in Sources */ = {isa = PBXBuildFile; fileRef = A0EF61451AA4B76700D74C01 /* WSConcurso.m */; };
		A0EF614B1AA4B76700D74C01 /* WSMGPCulturaEnVivoEventos.m in Sources */ = {isa = PBXBuildFile; fileRef = A0EF61471AA4B76700D74C01 /* WSMGPCulturaEnVivoEventos.m */; };
		A0EF614C1AA4B76700D74C01 /* WSMGPEventos.m in Sources */ = {isa = PBXBuildFile; fileRef = A0EF61491AA4B76700D74C01 /* WSMGPEventos.m */; };
		A0EF615A1AA4CF4600D74C01 /* Activity.swift in Sources */ = {isa = PBXBuildFile; fileRef = A0EF614F1AA4CF4600D74C01 /* Activity.swift */; };
		A0EF615B1AA4CF4600D74C01 /* Area.swift in Sources */ = {isa = PBXBuildFile; fileRef = A0EF61501AA4CF4600D74C01 /* Area.swift */; };
		A0EF615C1AA4CF4600D74C01 /* DataAccessHelper.m in Sources */ = {isa = PBXBuildFile; fileRef = A0EF61531AA4CF4600D74C01 /* DataAccessHelper.m */; };
		A0EF615D1AA4CF4600D74C01 /* Feed.swift in Sources */ = {isa = PBXBuildFile; fileRef = A0EF61541AA4CF4600D74C01 /* Feed.swift */; };
		A0EF615E1AA4CF4600D74C01 /* Model.xcdatamodeld in Sources */ = {isa = PBXBuildFile; fileRef = A0EF61561AA4CF4600D74C01 /* Model.xcdatamodeld */; };
		A0EF615F1AA4CF4600D74C01 /* Schedule.swift in Sources */ = {isa = PBXBuildFile; fileRef = A0EF61581AA4CF4600D74C01 /* Schedule.swift */; };
		A0EF61601AA4CF4600D74C01 /* Tag.swift in Sources */ = {isa = PBXBuildFile; fileRef = A0EF61591AA4CF4600D74C01 /* Tag.swift */; };
		A0EF61641AA4FE8000D74C01 /* WSMDQActivities.m in Sources */ = {isa = PBXBuildFile; fileRef = A0EF61631AA4FE8000D74C01 /* WSMDQActivities.m */; };
		A0EF61661AA76AE800D74C01 /* Localizable.strings in Resources */ = {isa = PBXBuildFile; fileRef = A0EF61651AA76AE800D74C01 /* Localizable.strings */; };
		F310C4A83EA7E2612DE2B98F /* libPods-Que Hacer MDQ v2.a in Frameworks */ = {isa = PBXBuildFile; fileRef = 1AFAAE7248CABC14EFB98466 /* libPods-Que Hacer MDQ v2.a */; };
/* End PBXBuildFile section */

/* Begin PBXContainerItemProxy section */
		A0EF60EB1AA4A6CA00D74C01 /* PBXContainerItemProxy */ = {
			isa = PBXContainerItemProxy;
			containerPortal = A0EF60C61AA4A6CA00D74C01 /* Project object */;
			proxyType = 1;
			remoteGlobalIDString = A0EF60CD1AA4A6CA00D74C01;
			remoteInfo = "Que Hacer MDQ v2";
		};
/* End PBXContainerItemProxy section */

/* Begin PBXFileReference section */
		1AFAAE7248CABC14EFB98466 /* libPods-Que Hacer MDQ v2.a */ = {isa = PBXFileReference; explicitFileType = archive.ar; includeInIndex = 0; path = "libPods-Que Hacer MDQ v2.a"; sourceTree = BUILT_PRODUCTS_DIR; };
		29DCABC4F6AA7800E8EE2E68 /* Pods-Que Hacer MDQ v2.debug.xcconfig */ = {isa = PBXFileReference; includeInIndex = 1; lastKnownFileType = text.xcconfig; name = "Pods-Que Hacer MDQ v2.debug.xcconfig"; path = "Pods/Target Support Files/Pods-Que Hacer MDQ v2/Pods-Que Hacer MDQ v2.debug.xcconfig"; sourceTree = "<group>"; };
		91E527D31B69B45960D711D2 /* Pods-Que Hacer MDQ v2.release.xcconfig */ = {isa = PBXFileReference; includeInIndex = 1; lastKnownFileType = text.xcconfig; name = "Pods-Que Hacer MDQ v2.release.xcconfig"; path = "Pods/Target Support Files/Pods-Que Hacer MDQ v2/Pods-Que Hacer MDQ v2.release.xcconfig"; sourceTree = "<group>"; };
		A0EF60CE1AA4A6CA00D74C01 /* Que Hacer MDQ v2.app */ = {isa = PBXFileReference; explicitFileType = wrapper.application; includeInIndex = 0; path = "Que Hacer MDQ v2.app"; sourceTree = BUILT_PRODUCTS_DIR; };
		A0EF60D21AA4A6CA00D74C01 /* Info.plist */ = {isa = PBXFileReference; lastKnownFileType = text.plist.xml; path = Info.plist; sourceTree = "<group>"; };
		A0EF60D31AA4A6CA00D74C01 /* main.m */ = {isa = PBXFileReference; lastKnownFileType = sourcecode.c.objc; path = main.m; sourceTree = "<group>"; };
		A0EF60D51AA4A6CA00D74C01 /* AppDelegate.h */ = {isa = PBXFileReference; lastKnownFileType = sourcecode.c.h; path = AppDelegate.h; sourceTree = "<group>"; };
		A0EF60D61AA4A6CA00D74C01 /* AppDelegate.m */ = {isa = PBXFileReference; lastKnownFileType = sourcecode.c.objc; path = AppDelegate.m; sourceTree = "<group>"; };
		A0EF60D91AA4A6CA00D74C01 /* Que_Hacer_MDQ_v2.xcdatamodel */ = {isa = PBXFileReference; lastKnownFileType = wrapper.xcdatamodel; path = Que_Hacer_MDQ_v2.xcdatamodel; sourceTree = "<group>"; };
		A0EF60DB1AA4A6CA00D74C01 /* ViewController.h */ = {isa = PBXFileReference; lastKnownFileType = sourcecode.c.h; path = ViewController.h; sourceTree = "<group>"; };
		A0EF60DC1AA4A6CA00D74C01 /* ViewController.m */ = {isa = PBXFileReference; lastKnownFileType = sourcecode.c.objc; path = ViewController.m; sourceTree = "<group>"; };
		A0EF60DF1AA4A6CA00D74C01 /* Base */ = {isa = PBXFileReference; lastKnownFileType = file.storyboard; name = Base; path = Base.lproj/Main.storyboard; sourceTree = "<group>"; };
		A0EF60E11AA4A6CA00D74C01 /* Images.xcassets */ = {isa = PBXFileReference; lastKnownFileType = folder.assetcatalog; path = Images.xcassets; sourceTree = "<group>"; };
		A0EF60E41AA4A6CA00D74C01 /* Base */ = {isa = PBXFileReference; lastKnownFileType = file.xib; name = Base; path = Base.lproj/LaunchScreen.xib; sourceTree = "<group>"; };
		A0EF60EA1AA4A6CA00D74C01 /* Que Hacer MDQ v2Tests.xctest */ = {isa = PBXFileReference; explicitFileType = wrapper.cfbundle; includeInIndex = 0; path = "Que Hacer MDQ v2Tests.xctest"; sourceTree = BUILT_PRODUCTS_DIR; };
		A0EF60EF1AA4A6CA00D74C01 /* Info.plist */ = {isa = PBXFileReference; lastKnownFileType = text.plist.xml; path = Info.plist; sourceTree = "<group>"; };
		A0EF60F01AA4A6CA00D74C01 /* Que_Hacer_MDQ_v2Tests.m */ = {isa = PBXFileReference; lastKnownFileType = sourcecode.c.objc; path = Que_Hacer_MDQ_v2Tests.m; sourceTree = "<group>"; };
		A0EF60FD1AA4B6B600D74C01 /* ActivityTableViewCell.swift */ = {isa = PBXFileReference; fileEncoding = 4; lastKnownFileType = sourcecode.swift; path = ActivityTableViewCell.swift; sourceTree = "<group>"; };
		A0EF60FE1AA4B6B600D74C01 /* ActivityTableViewCell.xib */ = {isa = PBXFileReference; fileEncoding = 4; lastKnownFileType = file.xib; path = ActivityTableViewCell.xib; sourceTree = "<group>"; };
		A0EF60FF1AA4B6B600D74C01 /* ActivitiesViewControllerSwift.swift */ = {isa = PBXFileReference; fileEncoding = 4; lastKnownFileType = sourcecode.swift; path = ActivitiesViewControllerSwift.swift; sourceTree = "<group>"; };
		A0EF61001AA4B6B600D74C01 /* ActivitiesViewControllerSwift.xib */ = {isa = PBXFileReference; fileEncoding = 4; lastKnownFileType = file.xib; path = ActivitiesViewControllerSwift.xib; sourceTree = "<group>"; };
		A0EF61061AA4B6B600D74C01 /* CategoriesViewControllerSwift.swift */ = {isa = PBXFileReference; fileEncoding = 4; lastKnownFileType = sourcecode.swift; path = CategoriesViewControllerSwift.swift; sourceTree = "<group>"; };
		A0EF61071AA4B6B600D74C01 /* CategoriesViewControllerSwift.xib */ = {isa = PBXFileReference; fileEncoding = 4; lastKnownFileType = file.xib; path = CategoriesViewControllerSwift.xib; sourceTree = "<group>"; };
		A0EF61091AA4B6B600D74C01 /* EventosViewController.h */ = {isa = PBXFileReference; fileEncoding = 4; lastKnownFileType = sourcecode.c.h; path = EventosViewController.h; sourceTree = "<group>"; };
		A0EF610A1AA4B6B600D74C01 /* EventosViewController.m */ = {isa = PBXFileReference; fileEncoding = 4; lastKnownFileType = sourcecode.c.objc; path = EventosViewController.m; sourceTree = "<group>"; };
		A0EF610B1AA4B6B600D74C01 /* EventosViewController.xib */ = {isa = PBXFileReference; fileEncoding = 4; lastKnownFileType = file.xib; path = EventosViewController.xib; sourceTree = "<group>"; };
		A0EF610D1AA4B6B600D74C01 /* HomeViewController.h */ = {isa = PBXFileReference; fileEncoding = 4; lastKnownFileType = sourcecode.c.h; path = HomeViewController.h; sourceTree = "<group>"; };
		A0EF610E1AA4B6B600D74C01 /* HomeViewController.m */ = {isa = PBXFileReference; fileEncoding = 4; lastKnownFileType = sourcecode.c.objc; path = HomeViewController.m; sourceTree = "<group>"; };
		A0EF610F1AA4B6B600D74C01 /* HomeViewController.xib */ = {isa = PBXFileReference; fileEncoding = 4; lastKnownFileType = file.xib; path = HomeViewController.xib; sourceTree = "<group>"; };
		A0EF61241AA4B70B00D74C01 /* NSDate+ParseFromString.swift */ = {isa = PBXFileReference; fileEncoding = 4; lastKnownFileType = sourcecode.swift; path = "NSDate+ParseFromString.swift"; sourceTree = "<group>"; };
		A0EF61251AA4B70B00D74C01 /* NSManagedObject+addObject.swift */ = {isa = PBXFileReference; fileEncoding = 4; lastKnownFileType = sourcecode.swift; path = "NSManagedObject+addObject.swift"; sourceTree = "<group>"; };
		A0EF61261AA4B70B00D74C01 /* UILabel+AutoHeight.h */ = {isa = PBXFileReference; fileEncoding = 4; lastKnownFileType = sourcecode.c.h; path = "UILabel+AutoHeight.h"; sourceTree = "<group>"; };
		A0EF61271AA4B70B00D74C01 /* UILabel+AutoHeight.m */ = {isa = PBXFileReference; fileEncoding = 4; lastKnownFileType = sourcecode.c.objc; path = "UILabel+AutoHeight.m"; sourceTree = "<group>"; };
		A0EF61281AA4B70B00D74C01 /* Constants.h */ = {isa = PBXFileReference; fileEncoding = 4; lastKnownFileType = sourcecode.c.h; path = Constants.h; sourceTree = "<group>"; };
		A0EF61291AA4B70B00D74C01 /* Constants.m */ = {isa = PBXFileReference; fileEncoding = 4; lastKnownFileType = sourcecode.c.objc; path = Constants.m; sourceTree = "<group>"; };
		A0EF612B1AA4B70B00D74C01 /* BeachesTableViewCell.h */ = {isa = PBXFileReference; fileEncoding = 4; lastKnownFileType = sourcecode.c.h; path = BeachesTableViewCell.h; sourceTree = "<group>"; };
		A0EF612C1AA4B70B00D74C01 /* BeachesTableViewCell.m */ = {isa = PBXFileReference; fileEncoding = 4; lastKnownFileType = sourcecode.c.objc; path = BeachesTableViewCell.m; sourceTree = "<group>"; };
		A0EF612D1AA4B70B00D74C01 /* BeachesTableViewCell.xib */ = {isa = PBXFileReference; fileEncoding = 4; lastKnownFileType = file.xib; path = BeachesTableViewCell.xib; sourceTree = "<group>"; };
		A0EF612E1AA4B70B00D74C01 /* GenericTableViewCell.h */ = {isa = PBXFileReference; fileEncoding = 4; lastKnownFileType = sourcecode.c.h; path = GenericTableViewCell.h; sourceTree = "<group>"; };
		A0EF612F1AA4B70B00D74C01 /* GenericTableViewCell.m */ = {isa = PBXFileReference; fileEncoding = 4; lastKnownFileType = sourcecode.c.objc; path = GenericTableViewCell.m; sourceTree = "<group>"; };
		A0EF61301AA4B70B00D74C01 /* GenericTableViewCell.xib */ = {isa = PBXFileReference; fileEncoding = 4; lastKnownFileType = file.xib; path = GenericTableViewCell.xib; sourceTree = "<group>"; };
		A0EF61321AA4B70C00D74C01 /* categoryIconTheater.png */ = {isa = PBXFileReference; lastKnownFileType = image.png; path = categoryIconTheater.png; sourceTree = "<group>"; };
		A0EF61331AA4B70C00D74C01 /* mar-del-plata-night_93079-1600x1200.jpg */ = {isa = PBXFileReference; lastKnownFileType = image.jpeg; path = "mar-del-plata-night_93079-1600x1200.jpg"; sourceTree = "<group>"; };
		A0EF61341AA4B70C00D74C01 /* mar-del-plata.jpg */ = {isa = PBXFileReference; lastKnownFileType = image.jpeg; path = "mar-del-plata.jpg"; sourceTree = "<group>"; };
		A0EF61351AA4B70C00D74C01 /* mdq-bg1.jpg */ = {isa = PBXFileReference; lastKnownFileType = image.jpeg; path = "mdq-bg1.jpg"; sourceTree = "<group>"; };
		A0EF61441AA4B76700D74C01 /* WSConcurso.h */ = {isa = PBXFileReference; fileEncoding = 4; lastKnownFileType = sourcecode.c.h; path = WSConcurso.h; sourceTree = "<group>"; };
		A0EF61451AA4B76700D74C01 /* WSConcurso.m */ = {isa = PBXFileReference; fileEncoding = 4; lastKnownFileType = sourcecode.c.objc; path = WSConcurso.m; sourceTree = "<group>"; };
		A0EF61461AA4B76700D74C01 /* WSMGPCulturaEnVivoEventos.h */ = {isa = PBXFileReference; fileEncoding = 4; lastKnownFileType = sourcecode.c.h; path = WSMGPCulturaEnVivoEventos.h; sourceTree = "<group>"; };
		A0EF61471AA4B76700D74C01 /* WSMGPCulturaEnVivoEventos.m */ = {isa = PBXFileReference; fileEncoding = 4; lastKnownFileType = sourcecode.c.objc; path = WSMGPCulturaEnVivoEventos.m; sourceTree = "<group>"; };
		A0EF61481AA4B76700D74C01 /* WSMGPEventos.h */ = {isa = PBXFileReference; fileEncoding = 4; lastKnownFileType = sourcecode.c.h; path = WSMGPEventos.h; sourceTree = "<group>"; };
		A0EF61491AA4B76700D74C01 /* WSMGPEventos.m */ = {isa = PBXFileReference; fileEncoding = 4; lastKnownFileType = sourcecode.c.objc; path = WSMGPEventos.m; sourceTree = "<group>"; };
		A0EF614F1AA4CF4600D74C01 /* Activity.swift */ = {isa = PBXFileReference; fileEncoding = 4; lastKnownFileType = sourcecode.swift; path = Activity.swift; sourceTree = "<group>"; };
		A0EF61501AA4CF4600D74C01 /* Area.swift */ = {isa = PBXFileReference; fileEncoding = 4; lastKnownFileType = sourcecode.swift; path = Area.swift; sourceTree = "<group>"; };
		A0EF61521AA4CF4600D74C01 /* DataAccessHelper.h */ = {isa = PBXFileReference; fileEncoding = 4; lastKnownFileType = sourcecode.c.h; path = DataAccessHelper.h; sourceTree = "<group>"; };
		A0EF61531AA4CF4600D74C01 /* DataAccessHelper.m */ = {isa = PBXFileReference; fileEncoding = 4; lastKnownFileType = sourcecode.c.objc; path = DataAccessHelper.m; sourceTree = "<group>"; };
		A0EF61541AA4CF4600D74C01 /* Feed.swift */ = {isa = PBXFileReference; fileEncoding = 4; lastKnownFileType = sourcecode.swift; path = Feed.swift; sourceTree = "<group>"; };
		A0EF61571AA4CF4600D74C01 /* Model.xcdatamodel */ = {isa = PBXFileReference; lastKnownFileType = wrapper.xcdatamodel; path = Model.xcdatamodel; sourceTree = "<group>"; };
		A0EF61581AA4CF4600D74C01 /* Schedule.swift */ = {isa = PBXFileReference; fileEncoding = 4; lastKnownFileType = sourcecode.swift; path = Schedule.swift; sourceTree = "<group>"; };
		A0EF61591AA4CF4600D74C01 /* Tag.swift */ = {isa = PBXFileReference; fileEncoding = 4; lastKnownFileType = sourcecode.swift; path = Tag.swift; sourceTree = "<group>"; };
		A0EF61611AA4D51F00D74C01 /* Que Hacer MDQ v2-Bridging-Header.h */ = {isa = PBXFileReference; lastKnownFileType = sourcecode.c.h; name = "Que Hacer MDQ v2-Bridging-Header.h"; path = "Que Hacer MDQ v2/Que Hacer MDQ v2-Bridging-Header.h"; sourceTree = "<group>"; };
		A0EF61621AA4FE6700D74C01 /* WSMDQActivities.h */ = {isa = PBXFileReference; lastKnownFileType = sourcecode.c.h; path = WSMDQActivities.h; sourceTree = "<group>"; };
		A0EF61631AA4FE8000D74C01 /* WSMDQActivities.m */ = {isa = PBXFileReference; fileEncoding = 4; lastKnownFileType = sourcecode.c.objc; path = WSMDQActivities.m; sourceTree = "<group>"; };
		A0EF61651AA76AE800D74C01 /* Localizable.strings */ = {isa = PBXFileReference; fileEncoding = 4; lastKnownFileType = text.plist.strings; name = Localizable.strings; path = ../Services/Localizable.strings; sourceTree = "<group>"; };
/* End PBXFileReference section */

/* Begin PBXFrameworksBuildPhase section */
		A0EF60CB1AA4A6CA00D74C01 /* Frameworks */ = {
			isa = PBXFrameworksBuildPhase;
			buildActionMask = 2147483647;
			files = (
				F310C4A83EA7E2612DE2B98F /* libPods-Que Hacer MDQ v2.a in Frameworks */,
			);
			runOnlyForDeploymentPostprocessing = 0;
		};
		A0EF60E71AA4A6CA00D74C01 /* Frameworks */ = {
			isa = PBXFrameworksBuildPhase;
			buildActionMask = 2147483647;
			files = (
			);
			runOnlyForDeploymentPostprocessing = 0;
		};
/* End PBXFrameworksBuildPhase section */

/* Begin PBXGroup section */
		173E496853D206A0072C976F /* Frameworks */ = {
			isa = PBXGroup;
			children = (
				1AFAAE7248CABC14EFB98466 /* libPods-Que Hacer MDQ v2.a */,
			);
			name = Frameworks;
			sourceTree = "<group>";
		};
		A0EF60C51AA4A6CA00D74C01 = {
			isa = PBXGroup;
			children = (
				A0EF61611AA4D51F00D74C01 /* Que Hacer MDQ v2-Bridging-Header.h */,
				A0EF614D1AA4CF4600D74C01 /* Classes */,
				A0EF61431AA4B76700D74C01 /* Services */,
				A0EF61221AA4B70B00D74C01 /* Assets */,
				A0EF60FA1AA4B6B600D74C01 /* ViewControllers */,
				A0EF60D01AA4A6CA00D74C01 /* Que Hacer MDQ v2 */,
				A0EF60ED1AA4A6CA00D74C01 /* Que Hacer MDQ v2Tests */,
				A0EF60CF1AA4A6CA00D74C01 /* Products */,
				A2F0558D0745B776DE5149AC /* Pods */,
				173E496853D206A0072C976F /* Frameworks */,
			);
			sourceTree = "<group>";
		};
		A0EF60CF1AA4A6CA00D74C01 /* Products */ = {
			isa = PBXGroup;
			children = (
				A0EF60CE1AA4A6CA00D74C01 /* Que Hacer MDQ v2.app */,
				A0EF60EA1AA4A6CA00D74C01 /* Que Hacer MDQ v2Tests.xctest */,
			);
			name = Products;
			sourceTree = "<group>";
		};
		A0EF60D01AA4A6CA00D74C01 /* Que Hacer MDQ v2 */ = {
			isa = PBXGroup;
			children = (
				A0EF60D51AA4A6CA00D74C01 /* AppDelegate.h */,
				A0EF60D61AA4A6CA00D74C01 /* AppDelegate.m */,
				A0EF60DB1AA4A6CA00D74C01 /* ViewController.h */,
				A0EF60DC1AA4A6CA00D74C01 /* ViewController.m */,
				A0EF60DE1AA4A6CA00D74C01 /* Main.storyboard */,
				A0EF60E11AA4A6CA00D74C01 /* Images.xcassets */,
				A0EF60E31AA4A6CA00D74C01 /* LaunchScreen.xib */,
				A0EF60D81AA4A6CA00D74C01 /* Que_Hacer_MDQ_v2.xcdatamodeld */,
				A0EF60D11AA4A6CA00D74C01 /* Supporting Files */,
			);
			path = "Que Hacer MDQ v2";
			sourceTree = "<group>";
		};
		A0EF60D11AA4A6CA00D74C01 /* Supporting Files */ = {
			isa = PBXGroup;
			children = (
				A0EF60D21AA4A6CA00D74C01 /* Info.plist */,
				A0EF60D31AA4A6CA00D74C01 /* main.m */,
			);
			name = "Supporting Files";
			sourceTree = "<group>";
		};
		A0EF60ED1AA4A6CA00D74C01 /* Que Hacer MDQ v2Tests */ = {
			isa = PBXGroup;
			children = (
				A0EF60F01AA4A6CA00D74C01 /* Que_Hacer_MDQ_v2Tests.m */,
				A0EF60EE1AA4A6CA00D74C01 /* Supporting Files */,
			);
			path = "Que Hacer MDQ v2Tests";
			sourceTree = "<group>";
		};
		A0EF60EE1AA4A6CA00D74C01 /* Supporting Files */ = {
			isa = PBXGroup;
			children = (
				A0EF60EF1AA4A6CA00D74C01 /* Info.plist */,
			);
			name = "Supporting Files";
			sourceTree = "<group>";
		};
		A0EF60FA1AA4B6B600D74C01 /* ViewControllers */ = {
			isa = PBXGroup;
			children = (
				A0EF60FB1AA4B6B600D74C01 /* ActivitiesViewControllerSwift */,
				A0EF61051AA4B6B600D74C01 /* CategoriesViewControllerSwift */,
				A0EF61081AA4B6B600D74C01 /* EventosViewController */,
				A0EF610C1AA4B6B600D74C01 /* HomeViewController */,
			);
			name = ViewControllers;
			path = "Que Hacer MDQ v2/ViewControllers";
			sourceTree = "<group>";
		};
		A0EF60FB1AA4B6B600D74C01 /* ActivitiesViewControllerSwift */ = {
			isa = PBXGroup;
			children = (
				A0EF60FC1AA4B6B600D74C01 /* ActivitiesCell */,
				A0EF60FF1AA4B6B600D74C01 /* ActivitiesViewControllerSwift.swift */,
				A0EF61001AA4B6B600D74C01 /* ActivitiesViewControllerSwift.xib */,
			);
			path = ActivitiesViewControllerSwift;
			sourceTree = "<group>";
		};
		A0EF60FC1AA4B6B600D74C01 /* ActivitiesCell */ = {
			isa = PBXGroup;
			children = (
				A0EF60FD1AA4B6B600D74C01 /* ActivityTableViewCell.swift */,
				A0EF60FE1AA4B6B600D74C01 /* ActivityTableViewCell.xib */,
			);
			path = ActivitiesCell;
			sourceTree = "<group>";
		};
		A0EF61051AA4B6B600D74C01 /* CategoriesViewControllerSwift */ = {
			isa = PBXGroup;
			children = (
				A0EF61061AA4B6B600D74C01 /* CategoriesViewControllerSwift.swift */,
				A0EF61071AA4B6B600D74C01 /* CategoriesViewControllerSwift.xib */,
			);
			path = CategoriesViewControllerSwift;
			sourceTree = "<group>";
		};
		A0EF61081AA4B6B600D74C01 /* EventosViewController */ = {
			isa = PBXGroup;
			children = (
				A0EF61091AA4B6B600D74C01 /* EventosViewController.h */,
				A0EF610A1AA4B6B600D74C01 /* EventosViewController.m */,
				A0EF610B1AA4B6B600D74C01 /* EventosViewController.xib */,
			);
			path = EventosViewController;
			sourceTree = "<group>";
		};
		A0EF610C1AA4B6B600D74C01 /* HomeViewController */ = {
			isa = PBXGroup;
			children = (
				A0EF610D1AA4B6B600D74C01 /* HomeViewController.h */,
				A0EF610E1AA4B6B600D74C01 /* HomeViewController.m */,
				A0EF610F1AA4B6B600D74C01 /* HomeViewController.xib */,
			);
			path = HomeViewController;
			sourceTree = "<group>";
		};
		A0EF61221AA4B70B00D74C01 /* Assets */ = {
			isa = PBXGroup;
			children = (
				A0EF61651AA76AE800D74C01 /* Localizable.strings */,
				A0EF61231AA4B70B00D74C01 /* Categories */,
				A0EF61281AA4B70B00D74C01 /* Constants.h */,
				A0EF61291AA4B70B00D74C01 /* Constants.m */,
				A0EF612A1AA4B70B00D74C01 /* Custom Cells */,
				A0EF61311AA4B70B00D74C01 /* Imgs */,
			);
			name = Assets;
			path = "Que Hacer MDQ v2/Assets";
			sourceTree = "<group>";
		};
		A0EF61231AA4B70B00D74C01 /* Categories */ = {
			isa = PBXGroup;
			children = (
				A0EF61241AA4B70B00D74C01 /* NSDate+ParseFromString.swift */,
				A0EF61251AA4B70B00D74C01 /* NSManagedObject+addObject.swift */,
				A0EF61261AA4B70B00D74C01 /* UILabel+AutoHeight.h */,
				A0EF61271AA4B70B00D74C01 /* UILabel+AutoHeight.m */,
			);
			path = Categories;
			sourceTree = "<group>";
		};
		A0EF612A1AA4B70B00D74C01 /* Custom Cells */ = {
			isa = PBXGroup;
			children = (
				A0EF612B1AA4B70B00D74C01 /* BeachesTableViewCell.h */,
				A0EF612C1AA4B70B00D74C01 /* BeachesTableViewCell.m */,
				A0EF612D1AA4B70B00D74C01 /* BeachesTableViewCell.xib */,
				A0EF612E1AA4B70B00D74C01 /* GenericTableViewCell.h */,
				A0EF612F1AA4B70B00D74C01 /* GenericTableViewCell.m */,
				A0EF61301AA4B70B00D74C01 /* GenericTableViewCell.xib */,
			);
			path = "Custom Cells";
			sourceTree = "<group>";
		};
		A0EF61311AA4B70B00D74C01 /* Imgs */ = {
			isa = PBXGroup;
			children = (
				A0EF61321AA4B70C00D74C01 /* categoryIconTheater.png */,
				A0EF61331AA4B70C00D74C01 /* mar-del-plata-night_93079-1600x1200.jpg */,
				A0EF61341AA4B70C00D74C01 /* mar-del-plata.jpg */,
				A0EF61351AA4B70C00D74C01 /* mdq-bg1.jpg */,
			);
			path = Imgs;
			sourceTree = "<group>";
		};
		A0EF61431AA4B76700D74C01 /* Services */ = {
			isa = PBXGroup;
			children = (
				A0EF61441AA4B76700D74C01 /* WSConcurso.h */,
				A0EF61451AA4B76700D74C01 /* WSConcurso.m */,
				A0EF61461AA4B76700D74C01 /* WSMGPCulturaEnVivoEventos.h */,
				A0EF61471AA4B76700D74C01 /* WSMGPCulturaEnVivoEventos.m */,
				A0EF61481AA4B76700D74C01 /* WSMGPEventos.h */,
				A0EF61491AA4B76700D74C01 /* WSMGPEventos.m */,
				A0EF61621AA4FE6700D74C01 /* WSMDQActivities.h */,
				A0EF61631AA4FE8000D74C01 /* WSMDQActivities.m */,
			);
			name = Services;
			path = "Que Hacer MDQ v2/Services";
			sourceTree = "<group>";
		};
		A0EF614D1AA4CF4600D74C01 /* Classes */ = {
			isa = PBXGroup;
			children = (
				A0EF614E1AA4CF4600D74C01 /* DataManager */,
			);
			name = Classes;
			path = "Que Hacer MDQ v2/Classes";
			sourceTree = "<group>";
		};
		A0EF614E1AA4CF4600D74C01 /* DataManager */ = {
			isa = PBXGroup;
			children = (
				A0EF614F1AA4CF4600D74C01 /* Activity.swift */,
				A0EF61501AA4CF4600D74C01 /* Area.swift */,
				A0EF61511AA4CF4600D74C01 /* DataAccessHelper */,
				A0EF61541AA4CF4600D74C01 /* Feed.swift */,
				A0EF61551AA4CF4600D74C01 /* Model */,
				A0EF61581AA4CF4600D74C01 /* Schedule.swift */,
				A0EF61591AA4CF4600D74C01 /* Tag.swift */,
			);
			path = DataManager;
			sourceTree = "<group>";
		};
		A0EF61511AA4CF4600D74C01 /* DataAccessHelper */ = {
			isa = PBXGroup;
			children = (
				A0EF61521AA4CF4600D74C01 /* DataAccessHelper.h */,
				A0EF61531AA4CF4600D74C01 /* DataAccessHelper.m */,
			);
			path = DataAccessHelper;
			sourceTree = "<group>";
		};
		A0EF61551AA4CF4600D74C01 /* Model */ = {
			isa = PBXGroup;
			children = (
				A0EF61561AA4CF4600D74C01 /* Model.xcdatamodeld */,
			);
			path = Model;
			sourceTree = "<group>";
		};
		A2F0558D0745B776DE5149AC /* Pods */ = {
			isa = PBXGroup;
			children = (
				29DCABC4F6AA7800E8EE2E68 /* Pods-Que Hacer MDQ v2.debug.xcconfig */,
				91E527D31B69B45960D711D2 /* Pods-Que Hacer MDQ v2.release.xcconfig */,
			);
			name = Pods;
			sourceTree = "<group>";
		};
/* End PBXGroup section */

/* Begin PBXNativeTarget section */
		A0EF60CD1AA4A6CA00D74C01 /* Que Hacer MDQ v2 */ = {
			isa = PBXNativeTarget;
			buildConfigurationList = A0EF60F41AA4A6CA00D74C01 /* Build configuration list for PBXNativeTarget "Que Hacer MDQ v2" */;
			buildPhases = (
				768BD8F40598F2D5D2183B6E /* Check Pods Manifest.lock */,
				A0EF60CA1AA4A6CA00D74C01 /* Sources */,
				A0EF60CB1AA4A6CA00D74C01 /* Frameworks */,
				A0EF60CC1AA4A6CA00D74C01 /* Resources */,
				40B4A51BD6163FFCF00B708A /* Copy Pods Resources */,
			);
			buildRules = (
			);
			dependencies = (
			);
			name = "Que Hacer MDQ v2";
			productName = "Que Hacer MDQ v2";
			productReference = A0EF60CE1AA4A6CA00D74C01 /* Que Hacer MDQ v2.app */;
			productType = "com.apple.product-type.application";
		};
		A0EF60E91AA4A6CA00D74C01 /* Que Hacer MDQ v2Tests */ = {
			isa = PBXNativeTarget;
			buildConfigurationList = A0EF60F71AA4A6CA00D74C01 /* Build configuration list for PBXNativeTarget "Que Hacer MDQ v2Tests" */;
			buildPhases = (
				A0EF60E61AA4A6CA00D74C01 /* Sources */,
				A0EF60E71AA4A6CA00D74C01 /* Frameworks */,
				A0EF60E81AA4A6CA00D74C01 /* Resources */,
			);
			buildRules = (
			);
			dependencies = (
				A0EF60EC1AA4A6CA00D74C01 /* PBXTargetDependency */,
			);
			name = "Que Hacer MDQ v2Tests";
			productName = "Que Hacer MDQ v2Tests";
			productReference = A0EF60EA1AA4A6CA00D74C01 /* Que Hacer MDQ v2Tests.xctest */;
			productType = "com.apple.product-type.bundle.unit-test";
		};
/* End PBXNativeTarget section */

/* Begin PBXProject section */
		A0EF60C61AA4A6CA00D74C01 /* Project object */ = {
			isa = PBXProject;
			attributes = {
				LastUpgradeCheck = 0610;
				ORGANIZATIONNAME = "Globant iOS MDQ";
				TargetAttributes = {
					A0EF60CD1AA4A6CA00D74C01 = {
						CreatedOnToolsVersion = 6.1;
					};
					A0EF60E91AA4A6CA00D74C01 = {
						CreatedOnToolsVersion = 6.1;
						TestTargetID = A0EF60CD1AA4A6CA00D74C01;
					};
				};
			};
			buildConfigurationList = A0EF60C91AA4A6CA00D74C01 /* Build configuration list for PBXProject "Que Hacer MDQ v2" */;
			compatibilityVersion = "Xcode 3.2";
			developmentRegion = English;
			hasScannedForEncodings = 0;
			knownRegions = (
				en,
				Base,
			);
			mainGroup = A0EF60C51AA4A6CA00D74C01;
			productRefGroup = A0EF60CF1AA4A6CA00D74C01 /* Products */;
			projectDirPath = "";
			projectRoot = "";
			targets = (
				A0EF60CD1AA4A6CA00D74C01 /* Que Hacer MDQ v2 */,
				A0EF60E91AA4A6CA00D74C01 /* Que Hacer MDQ v2Tests */,
			);
		};
/* End PBXProject section */

/* Begin PBXResourcesBuildPhase section */
		A0EF60CC1AA4A6CA00D74C01 /* Resources */ = {
			isa = PBXResourcesBuildPhase;
			buildActionMask = 2147483647;
			files = (
				A0EF611B1AA4B6B600D74C01 /* CategoriesViewControllerSwift.xib in Resources */,
				A0EF613E1AA4B70C00D74C01 /* GenericTableViewCell.xib in Resources */,
				A0EF61411AA4B70C00D74C01 /* mar-del-plata.jpg in Resources */,
				A0EF61421AA4B70C00D74C01 /* mdq-bg1.jpg in Resources */,
				A0EF60E01AA4A6CA00D74C01 /* Main.storyboard in Resources */,
				A0EF60E51AA4A6CA00D74C01 /* LaunchScreen.xib in Resources */,
				A0EF61151AA4B6B600D74C01 /* ActivityTableViewCell.xib in Resources */,
				A0EF611D1AA4B6B600D74C01 /* EventosViewController.xib in Resources */,
				A0EF61401AA4B70C00D74C01 /* mar-del-plata-night_93079-1600x1200.jpg in Resources */,
				A0EF61171AA4B6B600D74C01 /* ActivitiesViewControllerSwift.xib in Resources */,
				A0EF61661AA76AE800D74C01 /* Localizable.strings in Resources */,
				A0EF60E21AA4A6CA00D74C01 /* Images.xcassets in Resources */,
				A0EF613C1AA4B70C00D74C01 /* BeachesTableViewCell.xib in Resources */,
				A0EF611F1AA4B6B600D74C01 /* HomeViewController.xib in Resources */,
				A0EF613F1AA4B70C00D74C01 /* categoryIconTheater.png in Resources */,
			);
			runOnlyForDeploymentPostprocessing = 0;
		};
		A0EF60E81AA4A6CA00D74C01 /* Resources */ = {
			isa = PBXResourcesBuildPhase;
			buildActionMask = 2147483647;
			files = (
			);
			runOnlyForDeploymentPostprocessing = 0;
		};
/* End PBXResourcesBuildPhase section */

/* Begin PBXShellScriptBuildPhase section */
		40B4A51BD6163FFCF00B708A /* Copy Pods Resources */ = {
			isa = PBXShellScriptBuildPhase;
			buildActionMask = 2147483647;
			files = (
			);
			inputPaths = (
			);
			name = "Copy Pods Resources";
			outputPaths = (
			);
			runOnlyForDeploymentPostprocessing = 0;
			shellPath = /bin/sh;
			shellScript = "\"${SRCROOT}/Pods/Target Support Files/Pods-Que Hacer MDQ v2/Pods-Que Hacer MDQ v2-resources.sh\"\n";
			showEnvVarsInLog = 0;
		};
		768BD8F40598F2D5D2183B6E /* Check Pods Manifest.lock */ = {
			isa = PBXShellScriptBuildPhase;
			buildActionMask = 2147483647;
			files = (
			);
			inputPaths = (
			);
			name = "Check Pods Manifest.lock";
			outputPaths = (
			);
			runOnlyForDeploymentPostprocessing = 0;
			shellPath = /bin/sh;
			shellScript = "diff \"${PODS_ROOT}/../Podfile.lock\" \"${PODS_ROOT}/Manifest.lock\" > /dev/null\nif [[ $? != 0 ]] ; then\n    cat << EOM\nerror: The sandbox is not in sync with the Podfile.lock. Run 'pod install' or update your CocoaPods installation.\nEOM\n    exit 1\nfi\n";
			showEnvVarsInLog = 0;
		};
/* End PBXShellScriptBuildPhase section */

/* Begin PBXSourcesBuildPhase section */
		A0EF60CA1AA4A6CA00D74C01 /* Sources */ = {
			isa = PBXSourcesBuildPhase;
			buildActionMask = 2147483647;
			files = (
				A0EF611A1AA4B6B600D74C01 /* CategoriesViewControllerSwift.swift in Sources */,
				A0EF615D1AA4CF4600D74C01 /* Feed.swift in Sources */,
				A0EF60DA1AA4A6CA00D74C01 /* Que_Hacer_MDQ_v2.xcdatamodeld in Sources */,
				A0EF611C1AA4B6B600D74C01 /* EventosViewController.m in Sources */,
				A0EF611E1AA4B6B600D74C01 /* HomeViewController.m in Sources */,
				A0EF60D71AA4A6CA00D74C01 /* AppDelegate.m in Sources */,
				A0EF613A1AA4B70C00D74C01 /* Constants.m in Sources */,
				A0EF61141AA4B6B600D74C01 /* ActivityTableViewCell.swift in Sources */,
				A0EF61161AA4B6B600D74C01 /* ActivitiesViewControllerSwift.swift in Sources */,
				A0EF61641AA4FE8000D74C01 /* WSMDQActivities.m in Sources */,
				A0EF615A1AA4CF4600D74C01 /* Activity.swift in Sources */,
				A0EF60DD1AA4A6CA00D74C01 /* ViewController.m in Sources */,
				A0EF613D1AA4B70C00D74C01 /* GenericTableViewCell.m in Sources */,
				A0EF61381AA4B70C00D74C01 /* NSManagedObject+addObject.swift in Sources */,
				A0EF614B1AA4B76700D74C01 /* WSMGPCulturaEnVivoEventos.m in Sources */,
				A0EF60D41AA4A6CA00D74C01 /* main.m in Sources */,
				A0EF615C1AA4CF4600D74C01 /* DataAccessHelper.m in Sources */,
				A0EF61391AA4B70C00D74C01 /* UILabel+AutoHeight.m in Sources */,
				A0EF614A1AA4B76700D74C01 /* WSConcurso.m in Sources */,
				A0EF61371AA4B70C00D74C01 /* NSDate+ParseFromString.swift in Sources */,
				A0EF613B1AA4B70C00D74C01 /* BeachesTableViewCell.m in Sources */,
				A0EF615E1AA4CF4600D74C01 /* Model.xcdatamodeld in Sources */,
				A0EF615B1AA4CF4600D74C01 /* Area.swift in Sources */,
				A0EF61601AA4CF4600D74C01 /* Tag.swift in Sources */,
				A0EF615F1AA4CF4600D74C01 /* Schedule.swift in Sources */,
				A0EF614C1AA4B76700D74C01 /* WSMGPEventos.m in Sources */,
			);
			runOnlyForDeploymentPostprocessing = 0;
		};
		A0EF60E61AA4A6CA00D74C01 /* Sources */ = {
			isa = PBXSourcesBuildPhase;
			buildActionMask = 2147483647;
			files = (
				A0EF60F11AA4A6CA00D74C01 /* Que_Hacer_MDQ_v2Tests.m in Sources */,
			);
			runOnlyForDeploymentPostprocessing = 0;
		};
/* End PBXSourcesBuildPhase section */

/* Begin PBXTargetDependency section */
		A0EF60EC1AA4A6CA00D74C01 /* PBXTargetDependency */ = {
			isa = PBXTargetDependency;
			target = A0EF60CD1AA4A6CA00D74C01 /* Que Hacer MDQ v2 */;
			targetProxy = A0EF60EB1AA4A6CA00D74C01 /* PBXContainerItemProxy */;
		};
/* End PBXTargetDependency section */

/* Begin PBXVariantGroup section */
		A0EF60DE1AA4A6CA00D74C01 /* Main.storyboard */ = {
			isa = PBXVariantGroup;
			children = (
				A0EF60DF1AA4A6CA00D74C01 /* Base */,
			);
			name = Main.storyboard;
			sourceTree = "<group>";
		};
		A0EF60E31AA4A6CA00D74C01 /* LaunchScreen.xib */ = {
			isa = PBXVariantGroup;
			children = (
				A0EF60E41AA4A6CA00D74C01 /* Base */,
			);
			name = LaunchScreen.xib;
			sourceTree = "<group>";
		};
/* End PBXVariantGroup section */

/* Begin XCBuildConfiguration section */
		A0EF60F21AA4A6CA00D74C01 /* Debug */ = {
			isa = XCBuildConfiguration;
			buildSettings = {
				ALWAYS_SEARCH_USER_PATHS = NO;
				CLANG_CXX_LANGUAGE_STANDARD = "gnu++0x";
				CLANG_CXX_LIBRARY = "libc++";
				CLANG_ENABLE_MODULES = YES;
				CLANG_ENABLE_OBJC_ARC = YES;
				CLANG_WARN_BOOL_CONVERSION = YES;
				CLANG_WARN_CONSTANT_CONVERSION = YES;
				CLANG_WARN_DIRECT_OBJC_ISA_USAGE = YES_ERROR;
				CLANG_WARN_EMPTY_BODY = YES;
				CLANG_WARN_ENUM_CONVERSION = YES;
				CLANG_WARN_INT_CONVERSION = YES;
				CLANG_WARN_OBJC_ROOT_CLASS = YES_ERROR;
				CLANG_WARN_UNREACHABLE_CODE = YES;
				CLANG_WARN__DUPLICATE_METHOD_MATCH = YES;
				"CODE_SIGN_IDENTITY[sdk=iphoneos*]" = "iPhone Developer";
				COPY_PHASE_STRIP = NO;
				ENABLE_STRICT_OBJC_MSGSEND = YES;
				GCC_C_LANGUAGE_STANDARD = gnu99;
				GCC_DYNAMIC_NO_PIC = NO;
				GCC_OPTIMIZATION_LEVEL = 0;
				GCC_PREPROCESSOR_DEFINITIONS = (
					"DEBUG=1",
					"$(inherited)",
				);
				GCC_SYMBOLS_PRIVATE_EXTERN = NO;
				GCC_WARN_64_TO_32_BIT_CONVERSION = YES;
				GCC_WARN_ABOUT_RETURN_TYPE = YES_ERROR;
				GCC_WARN_UNDECLARED_SELECTOR = YES;
				GCC_WARN_UNINITIALIZED_AUTOS = YES_AGGRESSIVE;
				GCC_WARN_UNUSED_FUNCTION = YES;
				GCC_WARN_UNUSED_VARIABLE = YES;
				IPHONEOS_DEPLOYMENT_TARGET = 8.1;
				MTL_ENABLE_DEBUG_INFO = YES;
				ONLY_ACTIVE_ARCH = YES;
				SDKROOT = iphoneos;
				TARGETED_DEVICE_FAMILY = "1,2";
			};
			name = Debug;
		};
		A0EF60F31AA4A6CA00D74C01 /* Release */ = {
			isa = XCBuildConfiguration;
			buildSettings = {
				ALWAYS_SEARCH_USER_PATHS = NO;
				CLANG_CXX_LANGUAGE_STANDARD = "gnu++0x";
				CLANG_CXX_LIBRARY = "libc++";
				CLANG_ENABLE_MODULES = YES;
				CLANG_ENABLE_OBJC_ARC = YES;
				CLANG_WARN_BOOL_CONVERSION = YES;
				CLANG_WARN_CONSTANT_CONVERSION = YES;
				CLANG_WARN_DIRECT_OBJC_ISA_USAGE = YES_ERROR;
				CLANG_WARN_EMPTY_BODY = YES;
				CLANG_WARN_ENUM_CONVERSION = YES;
				CLANG_WARN_INT_CONVERSION = YES;
				CLANG_WARN_OBJC_ROOT_CLASS = YES_ERROR;
				CLANG_WARN_UNREACHABLE_CODE = YES;
				CLANG_WARN__DUPLICATE_METHOD_MATCH = YES;
				"CODE_SIGN_IDENTITY[sdk=iphoneos*]" = "iPhone Developer";
				COPY_PHASE_STRIP = YES;
				ENABLE_NS_ASSERTIONS = NO;
				ENABLE_STRICT_OBJC_MSGSEND = YES;
				GCC_C_LANGUAGE_STANDARD = gnu99;
				GCC_WARN_64_TO_32_BIT_CONVERSION = YES;
				GCC_WARN_ABOUT_RETURN_TYPE = YES_ERROR;
				GCC_WARN_UNDECLARED_SELECTOR = YES;
				GCC_WARN_UNINITIALIZED_AUTOS = YES_AGGRESSIVE;
				GCC_WARN_UNUSED_FUNCTION = YES;
				GCC_WARN_UNUSED_VARIABLE = YES;
				IPHONEOS_DEPLOYMENT_TARGET = 8.1;
				MTL_ENABLE_DEBUG_INFO = NO;
				SDKROOT = iphoneos;
				TARGETED_DEVICE_FAMILY = "1,2";
				VALIDATE_PRODUCT = YES;
			};
			name = Release;
		};
		A0EF60F51AA4A6CA00D74C01 /* Debug */ = {
			isa = XCBuildConfiguration;
			baseConfigurationReference = 29DCABC4F6AA7800E8EE2E68 /* Pods-Que Hacer MDQ v2.debug.xcconfig */;
			buildSettings = {
				ASSETCATALOG_COMPILER_APPICON_NAME = AppIcon;
				DEFINES_MODULE = YES;
				INFOPLIST_FILE = "Que Hacer MDQ v2/Info.plist";
				IPHONEOS_DEPLOYMENT_TARGET = 7.1;
				LD_RUNPATH_SEARCH_PATHS = "$(inherited) @executable_path/Frameworks";
				PRODUCT_NAME = "$(TARGET_NAME)";
				"SWIFT_OBJC_BRIDGING_HEADER[arch=*]" = "Que Hacer MDQ v2/Que Hacer MDQ v2-Bridging-Header.h";
			};
			name = Debug;
		};
		A0EF60F61AA4A6CA00D74C01 /* Release */ = {
			isa = XCBuildConfiguration;
			baseConfigurationReference = 91E527D31B69B45960D711D2 /* Pods-Que Hacer MDQ v2.release.xcconfig */;
			buildSettings = {
				ASSETCATALOG_COMPILER_APPICON_NAME = AppIcon;
				DEFINES_MODULE = YES;
				INFOPLIST_FILE = "Que Hacer MDQ v2/Info.plist";
				IPHONEOS_DEPLOYMENT_TARGET = 7.1;
				LD_RUNPATH_SEARCH_PATHS = "$(inherited) @executable_path/Frameworks";
				PRODUCT_NAME = "$(TARGET_NAME)";
				"SWIFT_OBJC_BRIDGING_HEADER[arch=*]" = "Que Hacer MDQ v2/Que Hacer MDQ v2-Bridging-Header.h";
			};
			name = Release;
		};
		A0EF60F81AA4A6CA00D74C01 /* Debug */ = {
			isa = XCBuildConfiguration;
			buildSettings = {
				BUNDLE_LOADER = "$(TEST_HOST)";
				FRAMEWORK_SEARCH_PATHS = (
					"$(SDKROOT)/Developer/Library/Frameworks",
					"$(inherited)",
				);
				GCC_PREPROCESSOR_DEFINITIONS = (
					"DEBUG=1",
					"$(inherited)",
				);
				INFOPLIST_FILE = "Que Hacer MDQ v2Tests/Info.plist";
				LD_RUNPATH_SEARCH_PATHS = "$(inherited) @executable_path/Frameworks @loader_path/Frameworks";
				PRODUCT_NAME = "$(TARGET_NAME)";
				TEST_HOST = "$(BUILT_PRODUCTS_DIR)/Que Hacer MDQ v2.app/Que Hacer MDQ v2";
			};
			name = Debug;
		};
		A0EF60F91AA4A6CA00D74C01 /* Release */ = {
			isa = XCBuildConfiguration;
			buildSettings = {
				BUNDLE_LOADER = "$(TEST_HOST)";
				FRAMEWORK_SEARCH_PATHS = (
					"$(SDKROOT)/Developer/Library/Frameworks",
					"$(inherited)",
				);
				INFOPLIST_FILE = "Que Hacer MDQ v2Tests/Info.plist";
				LD_RUNPATH_SEARCH_PATHS = "$(inherited) @executable_path/Frameworks @loader_path/Frameworks";
				PRODUCT_NAME = "$(TARGET_NAME)";
				TEST_HOST = "$(BUILT_PRODUCTS_DIR)/Que Hacer MDQ v2.app/Que Hacer MDQ v2";
			};
			name = Release;
		};
/* End XCBuildConfiguration section */

/* Begin XCConfigurationList section */
		A0EF60C91AA4A6CA00D74C01 /* Build configuration list for PBXProject "Que Hacer MDQ v2" */ = {
			isa = XCConfigurationList;
			buildConfigurations = (
				A0EF60F21AA4A6CA00D74C01 /* Debug */,
				A0EF60F31AA4A6CA00D74C01 /* Release */,
			);
			defaultConfigurationIsVisible = 0;
			defaultConfigurationName = Release;
		};
		A0EF60F41AA4A6CA00D74C01 /* Build configuration list for PBXNativeTarget "Que Hacer MDQ v2" */ = {
			isa = XCConfigurationList;
			buildConfigurations = (
				A0EF60F51AA4A6CA00D74C01 /* Debug */,
				A0EF60F61AA4A6CA00D74C01 /* Release */,
			);
			defaultConfigurationIsVisible = 0;
			defaultConfigurationName = Release;
		};
		A0EF60F71AA4A6CA00D74C01 /* Build configuration list for PBXNativeTarget "Que Hacer MDQ v2Tests" */ = {
			isa = XCConfigurationList;
			buildConfigurations = (
				A0EF60F81AA4A6CA00D74C01 /* Debug */,
				A0EF60F91AA4A6CA00D74C01 /* Release */,
			);
			defaultConfigurationIsVisible = 0;
			defaultConfigurationName = Release;
		};
/* End XCConfigurationList section */

/* Begin XCVersionGroup section */
		A0EF60D81AA4A6CA00D74C01 /* Que_Hacer_MDQ_v2.xcdatamodeld */ = {
			isa = XCVersionGroup;
			children = (
				A0EF60D91AA4A6CA00D74C01 /* Que_Hacer_MDQ_v2.xcdatamodel */,
			);
			currentVersion = A0EF60D91AA4A6CA00D74C01 /* Que_Hacer_MDQ_v2.xcdatamodel */;
			path = Que_Hacer_MDQ_v2.xcdatamodeld;
			sourceTree = "<group>";
			versionGroupType = wrapper.xcdatamodel;
		};
		A0EF61561AA4CF4600D74C01 /* Model.xcdatamodeld */ = {
			isa = XCVersionGroup;
			children = (
				A0EF61571AA4CF4600D74C01 /* Model.xcdatamodel */,
			);
			currentVersion = A0EF61571AA4CF4600D74C01 /* Model.xcdatamodel */;
			path = Model.xcdatamodeld;
			sourceTree = "<group>";
			versionGroupType = wrapper.xcdatamodel;
		};
/* End XCVersionGroup section */
	};
	rootObject = A0EF60C61AA4A6CA00D74C01 /* Project object */;
}
